// !$*UTF8*$!
{
	archiveVersion = 1;
	classes = {
	};
	objectVersion = 50;
	objects = {

/* Begin PBXBuildFile section */
		F6020A9A2CCEA397004A630B /* test_copy.cpp in Sources */ = {isa = PBXBuildFile; fileRef = F6020A992CCEA397004A630B /* test_copy.cpp */; };
		F60CC63226D3F8930035D17F /* benchmark_main.cpp in Sources */ = {isa = PBXBuildFile; fileRef = F60CC63126D3F8930035D17F /* benchmark_main.cpp */; };
		F6139BBE2CC91C0A0006F0AB /* test_deduce_type.cpp in Sources */ = {isa = PBXBuildFile; fileRef = F6139BBD2CC91C0A0006F0AB /* test_deduce_type.cpp */; };
		F6139BBF2CC91C8F0006F0AB /* gtest_main.cc in Sources */ = {isa = PBXBuildFile; fileRef = F617B2A82971B182007A0D81 /* gtest_main.cc */; };
		F6139BC02CC91CA60006F0AB /* gtest-all.cc in Sources */ = {isa = PBXBuildFile; fileRef = F617B2B22971B1EC007A0D81 /* gtest-all.cc */; };
		F61EA2F92D03014600E1F6F8 /* examples.cpp in Sources */ = {isa = PBXBuildFile; fileRef = F6355CD72CD3E9B600BF6CC8 /* examples.cpp */; };
		F6213DA92CDB869800AE863B /* test_escape.cpp in Sources */ = {isa = PBXBuildFile; fileRef = F6213DA82CDB869800AE863B /* test_escape.cpp */; };
		F62C079026E77696004DDA5D /* json_node.cpp in Sources */ = {isa = PBXBuildFile; fileRef = F68EC13F26E23A7600B8BA77 /* json_node.cpp */; };
		F62C079726E8AAAB004DDA5D /* test_numbers.cpp in Sources */ = {isa = PBXBuildFile; fileRef = F62C079626E8AAAB004DDA5D /* test_numbers.cpp */; };
		F638E7662C80C38B00DCF533 /* gtest-all.cc in Sources */ = {isa = PBXBuildFile; fileRef = F617B2B22971B1EC007A0D81 /* gtest-all.cc */; };
		F638E76B2C80C38B00DCF533 /* gtest_main.cc in Sources */ = {isa = PBXBuildFile; fileRef = F617B2A82971B182007A0D81 /* gtest_main.cc */; };
		F638E7722C80C38B00DCF533 /* libjsonland.a in Frameworks */ = {isa = PBXBuildFile; fileRef = F6963C6526D51C1700C71771 /* libjsonland.a */; };
		F638E7782C80C45C00DCF533 /* json_creator.cpp in Sources */ = {isa = PBXBuildFile; fileRef = F6AA89A62C2CA11100D5ED6E /* json_creator.cpp */; };
		F638E7792C80C45C00DCF533 /* test_json_creator.cpp in Sources */ = {isa = PBXBuildFile; fileRef = F631F1C22C4FD591007C3C95 /* test_json_creator.cpp */; };
		F648C9B52B3AEE550061D302 /* libjsonland.a in Frameworks */ = {isa = PBXBuildFile; fileRef = F6963C6526D51C1700C71771 /* libjsonland.a */; };
		F648C9BC2B3AEE8C0061D302 /* behaviours_main.cpp in Sources */ = {isa = PBXBuildFile; fileRef = F648C9BB2B3AEE8C0061D302 /* behaviours_main.cpp */; };
		F64C45FC2B0FB5D700ADDAC9 /* test_string_or_view.cpp in Sources */ = {isa = PBXBuildFile; fileRef = F6FF2B642A32226A00E662D2 /* test_string_or_view.cpp */; };
		F64C472B2C3EDF0B001430EC /* test_erase.cpp in Sources */ = {isa = PBXBuildFile; fileRef = F64C47292C3EDF0B001430EC /* test_erase.cpp */; };
		F64C7EF626D79256006E4F12 /* create_json_gtests.cpp in Sources */ = {isa = PBXBuildFile; fileRef = F611015926CD66F600A01C16 /* create_json_gtests.cpp */; };
		F64C7EF826D79256006E4F12 /* parse_json_gtests.cpp in Sources */ = {isa = PBXBuildFile; fileRef = F611016726CD6BB300A01C16 /* parse_json_gtests.cpp */; };
		F64C7EF926D79256006E4F12 /* test_compare.cpp in Sources */ = {isa = PBXBuildFile; fileRef = F60CC62526D3D9AE0035D17F /* test_compare.cpp */; };
		F64C7EFA26D79256006E4F12 /* test_ctors.cpp in Sources */ = {isa = PBXBuildFile; fileRef = F60CC61C26D2723A0035D17F /* test_ctors.cpp */; };
		F64C7EFC26D79256006E4F12 /* test_assign.cpp in Sources */ = {isa = PBXBuildFile; fileRef = F60CC61F26D272C40035D17F /* test_assign.cpp */; };
		F64C7F0E26D7971E006E4F12 /* libjsonland.a in Frameworks */ = {isa = PBXBuildFile; fileRef = F6963C6526D51C1700C71771 /* libjsonland.a */; };
		F6625B7F2C2C607B00C66A2A /* json_creator.h in Headers */ = {isa = PBXBuildFile; fileRef = F6625B7E2C2C607B00C66A2A /* json_creator.h */; };
		F676E46D2CAAFF240067F654 /* test_as.cpp in Sources */ = {isa = PBXBuildFile; fileRef = F676E46C2CAAFF240067F654 /* test_as.cpp */; };
		F687C5D92CAC73EE0044F4D0 /* test_ownership.cpp in Sources */ = {isa = PBXBuildFile; fileRef = F687C5D82CAC73EE0044F4D0 /* test_ownership.cpp */; };
		F6930AE62CDE4E2800D75684 /* libjsonland.a in Frameworks */ = {isa = PBXBuildFile; fileRef = F6963C6526D51C1700C71771 /* libjsonland.a */; };
		F6930AEC2CDE4E5A00D75684 /* serialize.cpp in Sources */ = {isa = PBXBuildFile; fileRef = F6355CD82CD3E9B600BF6CC8 /* serialize.cpp */; };
		F6963CA626D55F9B00C71771 /* libjsonland.a in Frameworks */ = {isa = PBXBuildFile; fileRef = F6963C6526D51C1700C71771 /* libjsonland.a */; };
		F6AA89A72C2CA11100D5ED6E /* json_creator.cpp in Sources */ = {isa = PBXBuildFile; fileRef = F6AA89A62C2CA11100D5ED6E /* json_creator.cpp */; };
		F6AA89A82C2CA11100D5ED6E /* json_creator.cpp in Sources */ = {isa = PBXBuildFile; fileRef = F6AA89A62C2CA11100D5ED6E /* json_creator.cpp */; };
		F6AA89A92C2CA11100D5ED6E /* json_creator.cpp in Sources */ = {isa = PBXBuildFile; fileRef = F6AA89A62C2CA11100D5ED6E /* json_creator.cpp */; };
		F6AA89AB2C2CA11100D5ED6E /* json_creator.cpp in Sources */ = {isa = PBXBuildFile; fileRef = F6AA89A62C2CA11100D5ED6E /* json_creator.cpp */; };
		F6AA89B82C2D9CB500D5ED6E /* fstring.h in Headers */ = {isa = PBXBuildFile; fileRef = F6AA89B72C2D9CB500D5ED6E /* fstring.h */; };
		F6ABDE332B065AFC007ACD9A /* libjsonland.a in Frameworks */ = {isa = PBXBuildFile; fileRef = F6963C6526D51C1700C71771 /* libjsonland.a */; };
		F6F5A08726EB975E007E11BE /* test_iter.cpp in Sources */ = {isa = PBXBuildFile; fileRef = F6F5A08626EB975E007E11BE /* test_iter.cpp */; };
		F6FB299B2B28CC3D005D1D23 /* test_get_value.cpp in Sources */ = {isa = PBXBuildFile; fileRef = F6FB299A2B28CC3D005D1D23 /* test_get_value.cpp */; };
/* End PBXBuildFile section */

/* Begin PBXContainerItemProxy section */
		F638E7602C80C38B00DCF533 /* PBXContainerItemProxy */ = {
			isa = PBXContainerItemProxy;
			containerPortal = F65C68B326C95D1A00E4AA5F /* Project object */;
			proxyType = 1;
			remoteGlobalIDString = F6963C6426D51C1700C71771;
			remoteInfo = jsonland;
		};
		F648C9B12B3AEE550061D302 /* PBXContainerItemProxy */ = {
			isa = PBXContainerItemProxy;
			containerPortal = F65C68B326C95D1A00E4AA5F /* Project object */;
			proxyType = 1;
			remoteGlobalIDString = F6963C6426D51C1700C71771;
			remoteInfo = jsonland;
		};
		F64C7F0C26D79718006E4F12 /* PBXContainerItemProxy */ = {
			isa = PBXContainerItemProxy;
			containerPortal = F65C68B326C95D1A00E4AA5F /* Project object */;
			proxyType = 1;
			remoteGlobalIDString = F6963C6426D51C1700C71771;
			remoteInfo = jsonland;
		};
		F6930AE12CDE4E2800D75684 /* PBXContainerItemProxy */ = {
			isa = PBXContainerItemProxy;
			containerPortal = F65C68B326C95D1A00E4AA5F /* Project object */;
			proxyType = 1;
			remoteGlobalIDString = F6963C6426D51C1700C71771;
			remoteInfo = jsonland;
		};
		F6963CA326D55F9500C71771 /* PBXContainerItemProxy */ = {
			isa = PBXContainerItemProxy;
			containerPortal = F65C68B326C95D1A00E4AA5F /* Project object */;
			proxyType = 1;
			remoteGlobalIDString = F6963C6426D51C1700C71771;
			remoteInfo = jsonland;
		};
		F6ABDE312B065AF4007ACD9A /* PBXContainerItemProxy */ = {
			isa = PBXContainerItemProxy;
			containerPortal = F65C68B326C95D1A00E4AA5F /* Project object */;
			proxyType = 1;
			remoteGlobalIDString = F6963C6426D51C1700C71771;
			remoteInfo = jsonland;
		};
/* End PBXContainerItemProxy section */

/* Begin PBXCopyFilesBuildPhase section */
		F60CC62D26D3F8930035D17F /* CopyFiles */ = {
			isa = PBXCopyFilesBuildPhase;
			buildActionMask = 2147483647;
			dstPath = /usr/share/man/man1/;
			dstSubfolderSpec = 0;
			files = (
			);
			runOnlyForDeploymentPostprocessing = 1;
		};
		F638E7732C80C38B00DCF533 /* CopyFiles */ = {
			isa = PBXCopyFilesBuildPhase;
			buildActionMask = 2147483647;
			dstPath = /usr/share/man/man1/;
			dstSubfolderSpec = 0;
			files = (
			);
			runOnlyForDeploymentPostprocessing = 1;
		};
		F648C9B62B3AEE550061D302 /* CopyFiles */ = {
			isa = PBXCopyFilesBuildPhase;
			buildActionMask = 2147483647;
			dstPath = /usr/share/man/man1/;
			dstSubfolderSpec = 0;
			files = (
			);
			runOnlyForDeploymentPostprocessing = 1;
		};
		F64C7EE126D7921C006E4F12 /* CopyFiles */ = {
			isa = PBXCopyFilesBuildPhase;
			buildActionMask = 2147483647;
			dstPath = /usr/share/man/man1/;
			dstSubfolderSpec = 0;
			files = (
			);
			runOnlyForDeploymentPostprocessing = 1;
		};
		F6930AE72CDE4E2800D75684 /* CopyFiles */ = {
			isa = PBXCopyFilesBuildPhase;
			buildActionMask = 2147483647;
			dstPath = /usr/share/man/man1/;
			dstSubfolderSpec = 0;
			files = (
			);
			runOnlyForDeploymentPostprocessing = 1;
		};
		F6ABDE282B065AB3007ACD9A /* CopyFiles */ = {
			isa = PBXCopyFilesBuildPhase;
			buildActionMask = 2147483647;
			dstPath = /usr/share/man/man1/;
			dstSubfolderSpec = 0;
			files = (
			);
			runOnlyForDeploymentPostprocessing = 1;
		};
/* End PBXCopyFilesBuildPhase section */

/* Begin PBXFileReference section */
		F6020A992CCEA397004A630B /* test_copy.cpp */ = {isa = PBXFileReference; lastKnownFileType = sourcecode.cpp.cpp; name = test_copy.cpp; path = test/code/test_copy.cpp; sourceTree = "<group>"; };
		F60CC61726D23F920035D17F /* json.hpp */ = {isa = PBXFileReference; lastKnownFileType = sourcecode.cpp.h; name = json.hpp; path = ../../../../Volumes/p4client/ProAudio/SDKs/JSON/nlohmann/3.10.5/single_include/nlohmann/json.hpp; sourceTree = SOURCE_ROOT; };
		F60CC61C26D2723A0035D17F /* test_ctors.cpp */ = {isa = PBXFileReference; lastKnownFileType = sourcecode.cpp.cpp; name = test_ctors.cpp; path = test/code/test_ctors.cpp; sourceTree = "<group>"; };
		F60CC61F26D272C40035D17F /* test_assign.cpp */ = {isa = PBXFileReference; lastKnownFileType = sourcecode.cpp.cpp; name = test_assign.cpp; path = test/code/test_assign.cpp; sourceTree = "<group>"; };
		F60CC62526D3D9AE0035D17F /* test_compare.cpp */ = {isa = PBXFileReference; lastKnownFileType = sourcecode.cpp.cpp; name = test_compare.cpp; path = test/code/test_compare.cpp; sourceTree = "<group>"; };
		F60CC62F26D3F8930035D17F /* benchmark */ = {isa = PBXFileReference; explicitFileType = "compiled.mach-o.executable"; includeInIndex = 0; path = benchmark; sourceTree = BUILT_PRODUCTS_DIR; };
		F60CC63126D3F8930035D17F /* benchmark_main.cpp */ = {isa = PBXFileReference; lastKnownFileType = sourcecode.cpp.cpp; name = benchmark_main.cpp; path = benchmark/code/benchmark_main.cpp; sourceTree = SOURCE_ROOT; };
		F611015926CD66F600A01C16 /* create_json_gtests.cpp */ = {isa = PBXFileReference; lastKnownFileType = sourcecode.cpp.cpp; name = create_json_gtests.cpp; path = test/code/create_json_gtests.cpp; sourceTree = "<group>"; };
		F611016726CD6BB300A01C16 /* parse_json_gtests.cpp */ = {isa = PBXFileReference; fileEncoding = 4; lastKnownFileType = sourcecode.cpp.cpp; name = parse_json_gtests.cpp; path = test/code/parse_json_gtests.cpp; sourceTree = "<group>"; };
		F611016E26CFF47E00A01C16 /* docs */ = {isa = PBXFileReference; lastKnownFileType = folder; path = docs; sourceTree = "<group>"; };
		F6139BBD2CC91C0A0006F0AB /* test_deduce_type.cpp */ = {isa = PBXFileReference; lastKnownFileType = sourcecode.cpp.cpp; name = test_deduce_type.cpp; path = test/code/test_deduce_type.cpp; sourceTree = "<group>"; };
		F617B2A82971B182007A0D81 /* gtest_main.cc */ = {isa = PBXFileReference; lastKnownFileType = sourcecode.cpp.cpp; name = gtest_main.cc; path = ../googletest/googletest/src/gtest_main.cc; sourceTree = "<group>"; };
		F617B2B22971B1EC007A0D81 /* gtest-all.cc */ = {isa = PBXFileReference; fileEncoding = 4; lastKnownFileType = sourcecode.cpp.cpp; name = "gtest-all.cc"; path = "../googletest/googletest/src/gtest-all.cc"; sourceTree = "<group>"; };
		F61C30DA2CF79244006B6B9B /* README.md */ = {isa = PBXFileReference; lastKnownFileType = net.daringfireball.markdown; path = README.md; sourceTree = "<group>"; };
		F6213DA82CDB869800AE863B /* test_escape.cpp */ = {isa = PBXFileReference; lastKnownFileType = sourcecode.cpp.cpp; name = test_escape.cpp; path = test/code/test_escape.cpp; sourceTree = "<group>"; };
		F62C078226E6469A004DDA5D /* test_parsing_Suites.cpp */ = {isa = PBXFileReference; lastKnownFileType = sourcecode.cpp.cpp; name = test_parsing_Suites.cpp; path = test/code/test_parsing_Suites.cpp; sourceTree = "<group>"; };
		F62C079626E8AAAB004DDA5D /* test_numbers.cpp */ = {isa = PBXFileReference; lastKnownFileType = sourcecode.cpp.cpp; name = test_numbers.cpp; path = test/code/test_numbers.cpp; sourceTree = "<group>"; };
		F631F1C22C4FD591007C3C95 /* test_json_creator.cpp */ = {isa = PBXFileReference; fileEncoding = 4; lastKnownFileType = sourcecode.cpp.cpp; name = test_json_creator.cpp; path = test/code/test_json_creator.cpp; sourceTree = "<group>"; };
		F6355CD72CD3E9B600BF6CC8 /* examples.cpp */ = {isa = PBXFileReference; fileEncoding = 4; lastKnownFileType = sourcecode.cpp.cpp; name = examples.cpp; path = examples/examples.cpp; sourceTree = "<group>"; };
		F6355CD82CD3E9B600BF6CC8 /* serialize.cpp */ = {isa = PBXFileReference; fileEncoding = 4; lastKnownFileType = sourcecode.cpp.cpp; name = serialize.cpp; path = Serialize/serialize.cpp; sourceTree = "<group>"; };
		F6355CDD2CD3ECCA00BF6CC8 /* ABBA.json */ = {isa = PBXFileReference; lastKnownFileType = text.json; name = ABBA.json; path = Serialize/ABBA.json; sourceTree = "<group>"; };
		F638E7772C80C38B00DCF533 /* test_json_creator */ = {isa = PBXFileReference; explicitFileType = "compiled.mach-o.executable"; includeInIndex = 0; path = test_json_creator; sourceTree = BUILT_PRODUCTS_DIR; };
		F641F9A12B1244FB00C6E7AF /* JsonBenchmarker.h */ = {isa = PBXFileReference; lastKnownFileType = sourcecode.c.h; name = JsonBenchmarker.h; path = code/JsonBenchmarker.h; sourceTree = "<group>"; };
		F641F9A22B1245E300C6E7AF /* JsonlandBenchMarker.h */ = {isa = PBXFileReference; lastKnownFileType = sourcecode.c.h; name = JsonlandBenchMarker.h; path = code/JsonlandBenchMarker.h; sourceTree = "<group>"; };
		F641F9A32B124C0400C6E7AF /* RapidjsonBenchmarker.h */ = {isa = PBXFileReference; lastKnownFileType = sourcecode.c.h; name = RapidjsonBenchmarker.h; path = code/RapidjsonBenchmarker.h; sourceTree = "<group>"; };
		F641F9A42B124C3800C6E7AF /* NlohmannBenchmarker.h */ = {isa = PBXFileReference; lastKnownFileType = sourcecode.c.h; name = NlohmannBenchmarker.h; path = code/NlohmannBenchmarker.h; sourceTree = "<group>"; };
		F648C9BA2B3AEE550061D302 /* behaviours */ = {isa = PBXFileReference; explicitFileType = "compiled.mach-o.executable"; includeInIndex = 0; path = behaviours; sourceTree = BUILT_PRODUCTS_DIR; };
		F648C9BB2B3AEE8C0061D302 /* behaviours_main.cpp */ = {isa = PBXFileReference; lastKnownFileType = sourcecode.cpp.cpp; name = behaviours_main.cpp; path = behaviours/behaviours_main.cpp; sourceTree = "<group>"; };
		F64C47292C3EDF0B001430EC /* test_erase.cpp */ = {isa = PBXFileReference; lastKnownFileType = sourcecode.cpp.cpp; name = test_erase.cpp; path = test/code/test_erase.cpp; sourceTree = "<group>"; };
		F64C7EE326D7921C006E4F12 /* test_json_node */ = {isa = PBXFileReference; explicitFileType = "compiled.mach-o.executable"; includeInIndex = 0; path = test_json_node; sourceTree = BUILT_PRODUCTS_DIR; };
		F6507AF72C2EF19A001A3B94 /* fstringstream.h */ = {isa = PBXFileReference; lastKnownFileType = sourcecode.c.h; name = fstringstream.h; path = ../fstring/fstringstream.h; sourceTree = "<group>"; };
		F65C68CB26C9629100E4AA5F /* gtest.h */ = {isa = PBXFileReference; fileEncoding = 4; lastKnownFileType = sourcecode.c.h; name = gtest.h; path = ../googletest/googletest/include/gtest/gtest.h; sourceTree = "<group>"; };
		F6625B7E2C2C607B00C66A2A /* json_creator.h */ = {isa = PBXFileReference; fileEncoding = 4; lastKnownFileType = sourcecode.c.h; name = json_creator.h; path = jsonland/json_creator.h; sourceTree = SOURCE_ROOT; };
		F66782582B39CFF2003C59F8 /* ArduinoJsonBenchmarker.h */ = {isa = PBXFileReference; lastKnownFileType = sourcecode.c.h; path = ArduinoJsonBenchmarker.h; sourceTree = "<group>"; };
		F667825A2B39D1CF003C59F8 /* ArduinoJson */ = {isa = PBXFileReference; lastKnownFileType = folder; path = ArduinoJson; sourceTree = "<group>"; };
		F676E46C2CAAFF240067F654 /* test_as.cpp */ = {isa = PBXFileReference; lastKnownFileType = sourcecode.cpp.cpp; name = test_as.cpp; path = test/code/test_as.cpp; sourceTree = "<group>"; };
		F687C5D82CAC73EE0044F4D0 /* test_ownership.cpp */ = {isa = PBXFileReference; lastKnownFileType = sourcecode.cpp.cpp; name = test_ownership.cpp; path = test/code/test_ownership.cpp; sourceTree = "<group>"; };
		F68EC13E26E23A7600B8BA77 /* json_node.h */ = {isa = PBXFileReference; fileEncoding = 4; lastKnownFileType = sourcecode.c.h; name = json_node.h; path = jsonland/json_node.h; sourceTree = SOURCE_ROOT; };
		F68EC13F26E23A7600B8BA77 /* json_node.cpp */ = {isa = PBXFileReference; fileEncoding = 4; lastKnownFileType = sourcecode.cpp.cpp; name = json_node.cpp; path = jsonland/json_node.cpp; sourceTree = SOURCE_ROOT; };
		F6930AEB2CDE4E2800D75684 /* serialize */ = {isa = PBXFileReference; explicitFileType = "compiled.mach-o.executable"; includeInIndex = 0; path = serialize; sourceTree = BUILT_PRODUCTS_DIR; };
		F6930AEE2CDE4EE600D75684 /* ABBA.cpp */ = {isa = PBXFileReference; lastKnownFileType = sourcecode.cpp.cpp; name = ABBA.cpp; path = Serialize/ABBA.cpp; sourceTree = "<group>"; };
		F6963C6526D51C1700C71771 /* libjsonland.a */ = {isa = PBXFileReference; explicitFileType = archive.ar; includeInIndex = 0; path = libjsonland.a; sourceTree = BUILT_PRODUCTS_DIR; };
		F6A8319D26EE636B00806E20 /* test_unicode.cpp */ = {isa = PBXFileReference; lastKnownFileType = sourcecode.cpp.cpp; name = test_unicode.cpp; path = test/code/test_unicode.cpp; sourceTree = "<group>"; };
		F6AA89A62C2CA11100D5ED6E /* json_creator.cpp */ = {isa = PBXFileReference; lastKnownFileType = sourcecode.cpp.cpp; name = json_creator.cpp; path = jsonland/json_creator.cpp; sourceTree = SOURCE_ROOT; };
		F6AA89B72C2D9CB500D5ED6E /* fstring.h */ = {isa = PBXFileReference; fileEncoding = 4; lastKnownFileType = sourcecode.c.h; name = fstring.h; path = ../fstring/fstring.h; sourceTree = "<group>"; };
		F6ABDE2A2B065AB3007ACD9A /* examples */ = {isa = PBXFileReference; explicitFileType = "compiled.mach-o.executable"; includeInIndex = 0; path = examples; sourceTree = BUILT_PRODUCTS_DIR; };
		F6ABDE342B07C175007ACD9A /* string_or_view.h */ = {isa = PBXFileReference; lastKnownFileType = sourcecode.c.h; path = string_or_view.h; sourceTree = "<group>"; };
		F6C14DBB2B1A121900E0202D /* just_parse.cpp */ = {isa = PBXFileReference; lastKnownFileType = sourcecode.cpp.cpp; path = just_parse.cpp; sourceTree = "<group>"; };
		F6F5A08626EB975E007E11BE /* test_iter.cpp */ = {isa = PBXFileReference; lastKnownFileType = sourcecode.cpp.cpp; name = test_iter.cpp; path = test/code/test_iter.cpp; sourceTree = "<group>"; };
		F6FB299A2B28CC3D005D1D23 /* test_get_value.cpp */ = {isa = PBXFileReference; lastKnownFileType = sourcecode.cpp.cpp; name = test_get_value.cpp; path = test/code/test_get_value.cpp; sourceTree = "<group>"; };
		F6FF2B642A32226A00E662D2 /* test_string_or_view.cpp */ = {isa = PBXFileReference; lastKnownFileType = sourcecode.cpp.cpp; name = test_string_or_view.cpp; path = test/code/test_string_or_view.cpp; sourceTree = "<group>"; };
/* End PBXFileReference section */

/* Begin PBXFrameworksBuildPhase section */
		F60CC62C26D3F8930035D17F /* Frameworks */ = {
			isa = PBXFrameworksBuildPhase;
			buildActionMask = 2147483647;
			files = (
				F6963CA626D55F9B00C71771 /* libjsonland.a in Frameworks */,
			);
			runOnlyForDeploymentPostprocessing = 0;
		};
		F638E7712C80C38B00DCF533 /* Frameworks */ = {
			isa = PBXFrameworksBuildPhase;
			buildActionMask = 2147483647;
			files = (
				F638E7722C80C38B00DCF533 /* libjsonland.a in Frameworks */,
			);
			runOnlyForDeploymentPostprocessing = 0;
		};
		F648C9B42B3AEE550061D302 /* Frameworks */ = {
			isa = PBXFrameworksBuildPhase;
			buildActionMask = 2147483647;
			files = (
				F648C9B52B3AEE550061D302 /* libjsonland.a in Frameworks */,
			);
			runOnlyForDeploymentPostprocessing = 0;
		};
		F64C7EE026D7921C006E4F12 /* Frameworks */ = {
			isa = PBXFrameworksBuildPhase;
			buildActionMask = 2147483647;
			files = (
				F64C7F0E26D7971E006E4F12 /* libjsonland.a in Frameworks */,
			);
			runOnlyForDeploymentPostprocessing = 0;
		};
		F6930AE52CDE4E2800D75684 /* Frameworks */ = {
			isa = PBXFrameworksBuildPhase;
			buildActionMask = 2147483647;
			files = (
				F6930AE62CDE4E2800D75684 /* libjsonland.a in Frameworks */,
			);
			runOnlyForDeploymentPostprocessing = 0;
		};
		F6963C6326D51C1700C71771 /* Frameworks */ = {
			isa = PBXFrameworksBuildPhase;
			buildActionMask = 2147483647;
			files = (
			);
			runOnlyForDeploymentPostprocessing = 0;
		};
		F6ABDE272B065AB3007ACD9A /* Frameworks */ = {
			isa = PBXFrameworksBuildPhase;
			buildActionMask = 2147483647;
			files = (
				F6ABDE332B065AFC007ACD9A /* libjsonland.a in Frameworks */,
			);
			runOnlyForDeploymentPostprocessing = 0;
		};
/* End PBXFrameworksBuildPhase section */

/* Begin PBXGroup section */
		F60CC63026D3F8930035D17F /* benchmark */ = {
			isa = PBXGroup;
			children = (
				F60CC63126D3F8930035D17F /* benchmark_main.cpp */,
				F667825A2B39D1CF003C59F8 /* ArduinoJson */,
				F60CC63826D3F8B10035D17F /* nlohmann */,
				F641F9A12B1244FB00C6E7AF /* JsonBenchmarker.h */,
				F641F9A22B1245E300C6E7AF /* JsonlandBenchMarker.h */,
				F641F9A32B124C0400C6E7AF /* RapidjsonBenchmarker.h */,
				F641F9A42B124C3800C6E7AF /* NlohmannBenchmarker.h */,
				F66782582B39CFF2003C59F8 /* ArduinoJsonBenchmarker.h */,
			);
			path = benchmark;
			sourceTree = "<group>";
		};
		F60CC63826D3F8B10035D17F /* nlohmann */ = {
			isa = PBXGroup;
			children = (
				F60CC61726D23F920035D17F /* json.hpp */,
			);
			name = nlohmann;
			path = ..;
			sourceTree = "<group>";
		};
		F6355CDB2CD3E9CA00BF6CC8 /* Examples */ = {
			isa = PBXGroup;
			children = (
				F6355CD72CD3E9B600BF6CC8 /* examples.cpp */,
			);
			name = Examples;
			sourceTree = "<group>";
		};
		F64C7EE426D7921C006E4F12 /* test */ = {
			isa = PBXGroup;
			children = (
				F611015926CD66F600A01C16 /* create_json_gtests.cpp */,
				F611016726CD6BB300A01C16 /* parse_json_gtests.cpp */,
				F676E46C2CAAFF240067F654 /* test_as.cpp */,
				F60CC61F26D272C40035D17F /* test_assign.cpp */,
				F60CC62526D3D9AE0035D17F /* test_compare.cpp */,
				F6020A992CCEA397004A630B /* test_copy.cpp */,
				F60CC61C26D2723A0035D17F /* test_ctors.cpp */,
				F6139BBD2CC91C0A0006F0AB /* test_deduce_type.cpp */,
				F64C47292C3EDF0B001430EC /* test_erase.cpp */,
				F6213DA82CDB869800AE863B /* test_escape.cpp */,
				F6FB299A2B28CC3D005D1D23 /* test_get_value.cpp */,
				F6F5A08626EB975E007E11BE /* test_iter.cpp */,
				F631F1C22C4FD591007C3C95 /* test_json_creator.cpp */,
				F62C079626E8AAAB004DDA5D /* test_numbers.cpp */,
				F687C5D82CAC73EE0044F4D0 /* test_ownership.cpp */,
				F62C078226E6469A004DDA5D /* test_parsing_Suites.cpp */,
				F6FF2B642A32226A00E662D2 /* test_string_or_view.cpp */,
				F6A8319D26EE636B00806E20 /* test_unicode.cpp */,
			);
			name = test;
			sourceTree = "<group>";
		};
		F65C68B226C95D1A00E4AA5F = {
			isa = PBXGroup;
			children = (
				F61C30DA2CF79244006B6B9B /* README.md */,
				F6355CDB2CD3E9CA00BF6CC8 /* Examples */,
				F6AA89B72C2D9CB500D5ED6E /* fstring.h */,
				F6507AF72C2EF19A001A3B94 /* fstringstream.h */,
				F65C68BD26C95D1B00E4AA5F /* jsonland */,
				F6A9BB4A2B470B81001D7684 /* behaviours */,
				F6C14DBB2B1A121900E0202D /* just_parse.cpp */,
				F611016E26CFF47E00A01C16 /* docs */,
				F60CC63026D3F8930035D17F /* benchmark */,
				F6930AED2CDE4E9D00D75684 /* Serialize */,
				F65C68CA26C9624F00E4AA5F /* gtest */,
				F64C7EE426D7921C006E4F12 /* test */,
				F65C68BC26C95D1B00E4AA5F /* Products */,
				F6963CA526D55F9B00C71771 /* Frameworks */,
			);
			sourceTree = "<group>";
		};
		F65C68BC26C95D1B00E4AA5F /* Products */ = {
			isa = PBXGroup;
			children = (
				F60CC62F26D3F8930035D17F /* benchmark */,
				F6963C6526D51C1700C71771 /* libjsonland.a */,
				F64C7EE326D7921C006E4F12 /* test_json_node */,
				F6ABDE2A2B065AB3007ACD9A /* examples */,
				F648C9BA2B3AEE550061D302 /* behaviours */,
				F638E7772C80C38B00DCF533 /* test_json_creator */,
				F6930AEB2CDE4E2800D75684 /* serialize */,
			);
			name = Products;
			sourceTree = "<group>";
		};
		F65C68BD26C95D1B00E4AA5F /* jsonland */ = {
			isa = PBXGroup;
			children = (
				F68EC13E26E23A7600B8BA77 /* json_node.h */,
				F68EC13F26E23A7600B8BA77 /* json_node.cpp */,
				F6ABDE342B07C175007ACD9A /* string_or_view.h */,
				F6625B7E2C2C607B00C66A2A /* json_creator.h */,
				F6AA89A62C2CA11100D5ED6E /* json_creator.cpp */,
			);
			path = jsonland;
			sourceTree = "<group>";
		};
		F65C68CA26C9624F00E4AA5F /* gtest */ = {
			isa = PBXGroup;
			children = (
				F65C68CB26C9629100E4AA5F /* gtest.h */,
				F617B2B22971B1EC007A0D81 /* gtest-all.cc */,
				F617B2A82971B182007A0D81 /* gtest_main.cc */,
			);
			name = gtest;
			sourceTree = "<group>";
		};
		F6930AED2CDE4E9D00D75684 /* Serialize */ = {
			isa = PBXGroup;
			children = (
				F6355CD82CD3E9B600BF6CC8 /* serialize.cpp */,
				F6355CDD2CD3ECCA00BF6CC8 /* ABBA.json */,
				F6930AEE2CDE4EE600D75684 /* ABBA.cpp */,
			);
			name = Serialize;
			sourceTree = "<group>";
		};
		F6963CA526D55F9B00C71771 /* Frameworks */ = {
			isa = PBXGroup;
			children = (
			);
			name = Frameworks;
			sourceTree = "<group>";
		};
		F6A9BB4A2B470B81001D7684 /* behaviours */ = {
			isa = PBXGroup;
			children = (
				F648C9BB2B3AEE8C0061D302 /* behaviours_main.cpp */,
			);
			name = behaviours;
			sourceTree = "<group>";
		};
/* End PBXGroup section */

/* Begin PBXHeadersBuildPhase section */
		F6963C6126D51C1700C71771 /* Headers */ = {
			isa = PBXHeadersBuildPhase;
			buildActionMask = 2147483647;
			files = (
				F6AA89B82C2D9CB500D5ED6E /* fstring.h in Headers */,
				F6625B7F2C2C607B00C66A2A /* json_creator.h in Headers */,
			);
			runOnlyForDeploymentPostprocessing = 0;
		};
/* End PBXHeadersBuildPhase section */

/* Begin PBXNativeTarget section */
		F60CC62E26D3F8930035D17F /* benchmark */ = {
			isa = PBXNativeTarget;
			buildConfigurationList = F60CC63526D3F8930035D17F /* Build configuration list for PBXNativeTarget "benchmark" */;
			buildPhases = (
				F60CC62B26D3F8930035D17F /* Sources */,
				F60CC62C26D3F8930035D17F /* Frameworks */,
				F60CC62D26D3F8930035D17F /* CopyFiles */,
			);
			buildRules = (
			);
			dependencies = (
				F6963CA426D55F9500C71771 /* PBXTargetDependency */,
			);
			name = benchmark;
			productName = benchmark;
			productReference = F60CC62F26D3F8930035D17F /* benchmark */;
			productType = "com.apple.product-type.tool";
		};
		F638E75E2C80C38B00DCF533 /* test_json_creator */ = {
			isa = PBXNativeTarget;
			buildConfigurationList = F638E7742C80C38B00DCF533 /* Build configuration list for PBXNativeTarget "test_json_creator" */;
			buildPhases = (
				F638E7612C80C38B00DCF533 /* Sources */,
				F638E7712C80C38B00DCF533 /* Frameworks */,
				F638E7732C80C38B00DCF533 /* CopyFiles */,
			);
			buildRules = (
			);
			dependencies = (
				F638E75F2C80C38B00DCF533 /* PBXTargetDependency */,
			);
			name = test_json_creator;
			productName = test;
			productReference = F638E7772C80C38B00DCF533 /* test_json_creator */;
			productType = "com.apple.product-type.tool";
		};
		F648C9AF2B3AEE550061D302 /* behaviours */ = {
			isa = PBXNativeTarget;
			buildConfigurationList = F648C9B72B3AEE550061D302 /* Build configuration list for PBXNativeTarget "behaviours" */;
			buildPhases = (
				F648C9B22B3AEE550061D302 /* Sources */,
				F648C9B42B3AEE550061D302 /* Frameworks */,
				F648C9B62B3AEE550061D302 /* CopyFiles */,
			);
			buildRules = (
			);
			dependencies = (
				F648C9B02B3AEE550061D302 /* PBXTargetDependency */,
			);
			name = behaviours;
			productName = benchmark;
			productReference = F648C9BA2B3AEE550061D302 /* behaviours */;
			productType = "com.apple.product-type.tool";
		};
		F64C7EE226D7921C006E4F12 /* test_json_node */ = {
			isa = PBXNativeTarget;
			buildConfigurationList = F64C7EE926D7921C006E4F12 /* Build configuration list for PBXNativeTarget "test_json_node" */;
			buildPhases = (
				F64C7EDF26D7921C006E4F12 /* Sources */,
				F64C7EE026D7921C006E4F12 /* Frameworks */,
				F64C7EE126D7921C006E4F12 /* CopyFiles */,
			);
			buildRules = (
			);
			dependencies = (
				F64C7F0D26D79718006E4F12 /* PBXTargetDependency */,
			);
			name = test_json_node;
			productName = test;
			productReference = F64C7EE326D7921C006E4F12 /* test_json_node */;
			productType = "com.apple.product-type.tool";
		};
		F6930ADF2CDE4E2800D75684 /* serialize */ = {
			isa = PBXNativeTarget;
			buildConfigurationList = F6930AE82CDE4E2800D75684 /* Build configuration list for PBXNativeTarget "serialize" */;
			buildPhases = (
				F6930AE22CDE4E2800D75684 /* Sources */,
				F6930AE52CDE4E2800D75684 /* Frameworks */,
				F6930AE72CDE4E2800D75684 /* CopyFiles */,
			);
			buildRules = (
			);
			dependencies = (
				F6930AE02CDE4E2800D75684 /* PBXTargetDependency */,
			);
			name = serialize;
			productName = benchmark;
			productReference = F6930AEB2CDE4E2800D75684 /* serialize */;
			productType = "com.apple.product-type.tool";
		};
		F6963C6426D51C1700C71771 /* jsonland */ = {
			isa = PBXNativeTarget;
			buildConfigurationList = F6963C6626D51C1700C71771 /* Build configuration list for PBXNativeTarget "jsonland" */;
			buildPhases = (
				F6963C6126D51C1700C71771 /* Headers */,
				F6963C6226D51C1700C71771 /* Sources */,
				F6963C6326D51C1700C71771 /* Frameworks */,
			);
			buildRules = (
			);
			dependencies = (
			);
			name = jsonland;
			productName = jsonland;
			productReference = F6963C6526D51C1700C71771 /* libjsonland.a */;
			productType = "com.apple.product-type.library.static";
		};
		F6ABDE292B065AB3007ACD9A /* examples */ = {
			isa = PBXNativeTarget;
			buildConfigurationList = F6ABDE2E2B065AB3007ACD9A /* Build configuration list for PBXNativeTarget "examples" */;
			buildPhases = (
				F6ABDE262B065AB3007ACD9A /* Sources */,
				F6ABDE272B065AB3007ACD9A /* Frameworks */,
				F6ABDE282B065AB3007ACD9A /* CopyFiles */,
			);
			buildRules = (
			);
			dependencies = (
				F6ABDE322B065AF4007ACD9A /* PBXTargetDependency */,
			);
			name = examples;
			productName = examples;
			productReference = F6ABDE2A2B065AB3007ACD9A /* examples */;
			productType = "com.apple.product-type.tool";
		};
/* End PBXNativeTarget section */

/* Begin PBXProject section */
		F65C68B326C95D1A00E4AA5F /* Project object */ = {
			isa = PBXProject;
			attributes = {
				LastUpgradeCheck = 1240;
				TargetAttributes = {
					F60CC62E26D3F8930035D17F = {
						CreatedOnToolsVersion = 12.4;
					};
					F64C7EE226D7921C006E4F12 = {
						CreatedOnToolsVersion = 12.4;
					};
					F6963C6426D51C1700C71771 = {
						CreatedOnToolsVersion = 12.4;
					};
					F6ABDE292B065AB3007ACD9A = {
						CreatedOnToolsVersion = 14.2;
					};
				};
			};
			buildConfigurationList = F65C68B626C95D1A00E4AA5F /* Build configuration list for PBXProject "jsonland" */;
			compatibilityVersion = "Xcode 9.3";
			developmentRegion = en;
			hasScannedForEncodings = 0;
			knownRegions = (
				en,
				Base,
			);
			mainGroup = F65C68B226C95D1A00E4AA5F;
			productRefGroup = F65C68BC26C95D1B00E4AA5F /* Products */;
			projectDirPath = "";
			projectRoot = "";
			targets = (
				F60CC62E26D3F8930035D17F /* benchmark */,
				F6963C6426D51C1700C71771 /* jsonland */,
				F64C7EE226D7921C006E4F12 /* test_json_node */,
				F6ABDE292B065AB3007ACD9A /* examples */,
				F648C9AF2B3AEE550061D302 /* behaviours */,
				F638E75E2C80C38B00DCF533 /* test_json_creator */,
				F6930ADF2CDE4E2800D75684 /* serialize */,
			);
		};
/* End PBXProject section */

/* Begin PBXSourcesBuildPhase section */
		F60CC62B26D3F8930035D17F /* Sources */ = {
			isa = PBXSourcesBuildPhase;
			buildActionMask = 2147483647;
			files = (
				F6AA89A72C2CA11100D5ED6E /* json_creator.cpp in Sources */,
				F60CC63226D3F8930035D17F /* benchmark_main.cpp in Sources */,
			);
			runOnlyForDeploymentPostprocessing = 0;
		};
		F638E7612C80C38B00DCF533 /* Sources */ = {
			isa = PBXSourcesBuildPhase;
			buildActionMask = 2147483647;
			files = (
				F638E7782C80C45C00DCF533 /* json_creator.cpp in Sources */,
				F638E7792C80C45C00DCF533 /* test_json_creator.cpp in Sources */,
				F638E7662C80C38B00DCF533 /* gtest-all.cc in Sources */,
				F638E76B2C80C38B00DCF533 /* gtest_main.cc in Sources */,
			);
			runOnlyForDeploymentPostprocessing = 0;
		};
		F648C9B22B3AEE550061D302 /* Sources */ = {
			isa = PBXSourcesBuildPhase;
			buildActionMask = 2147483647;
			files = (
				F6AA89AB2C2CA11100D5ED6E /* json_creator.cpp in Sources */,
				F648C9BC2B3AEE8C0061D302 /* behaviours_main.cpp in Sources */,
			);
			runOnlyForDeploymentPostprocessing = 0;
		};
		F64C7EDF26D7921C006E4F12 /* Sources */ = {
			isa = PBXSourcesBuildPhase;
			buildActionMask = 2147483647;
			files = (
				F6139BC02CC91CA60006F0AB /* gtest-all.cc in Sources */,
				F6139BBF2CC91C8F0006F0AB /* gtest_main.cc in Sources */,
				F64C7EF926D79256006E4F12 /* test_compare.cpp in Sources */,
				F687C5D92CAC73EE0044F4D0 /* test_ownership.cpp in Sources */,
				F6020A9A2CCEA397004A630B /* test_copy.cpp in Sources */,
				F62C079726E8AAAB004DDA5D /* test_numbers.cpp in Sources */,
				F64C45FC2B0FB5D700ADDAC9 /* test_string_or_view.cpp in Sources */,
				F6213DA92CDB869800AE863B /* test_escape.cpp in Sources */,
				F64C7EFC26D79256006E4F12 /* test_assign.cpp in Sources */,
				F6139BBE2CC91C0A0006F0AB /* test_deduce_type.cpp in Sources */,
				F64C472B2C3EDF0B001430EC /* test_erase.cpp in Sources */,
				F6F5A08726EB975E007E11BE /* test_iter.cpp in Sources */,
				F64C7EF626D79256006E4F12 /* create_json_gtests.cpp in Sources */,
				F6AA89A92C2CA11100D5ED6E /* json_creator.cpp in Sources */,
				F676E46D2CAAFF240067F654 /* test_as.cpp in Sources */,
				F64C7EF826D79256006E4F12 /* parse_json_gtests.cpp in Sources */,
				F6FB299B2B28CC3D005D1D23 /* test_get_value.cpp in Sources */,
				F64C7EFA26D79256006E4F12 /* test_ctors.cpp in Sources */,
			);
			runOnlyForDeploymentPostprocessing = 0;
		};
		F6930AE22CDE4E2800D75684 /* Sources */ = {
			isa = PBXSourcesBuildPhase;
			buildActionMask = 2147483647;
			files = (
				F6930AEC2CDE4E5A00D75684 /* serialize.cpp in Sources */,
			);
			runOnlyForDeploymentPostprocessing = 0;
		};
		F6963C6226D51C1700C71771 /* Sources */ = {
			isa = PBXSourcesBuildPhase;
			buildActionMask = 2147483647;
			files = (
				F6AA89A82C2CA11100D5ED6E /* json_creator.cpp in Sources */,
				F62C079026E77696004DDA5D /* json_node.cpp in Sources */,
			);
			runOnlyForDeploymentPostprocessing = 0;
		};
		F6ABDE262B065AB3007ACD9A /* Sources */ = {
			isa = PBXSourcesBuildPhase;
			buildActionMask = 2147483647;
			files = (
				F61EA2F92D03014600E1F6F8 /* examples.cpp in Sources */,
			);
			runOnlyForDeploymentPostprocessing = 0;
		};
/* End PBXSourcesBuildPhase section */

/* Begin PBXTargetDependency section */
		F638E75F2C80C38B00DCF533 /* PBXTargetDependency */ = {
			isa = PBXTargetDependency;
			target = F6963C6426D51C1700C71771 /* jsonland */;
			targetProxy = F638E7602C80C38B00DCF533 /* PBXContainerItemProxy */;
		};
		F648C9B02B3AEE550061D302 /* PBXTargetDependency */ = {
			isa = PBXTargetDependency;
			target = F6963C6426D51C1700C71771 /* jsonland */;
			targetProxy = F648C9B12B3AEE550061D302 /* PBXContainerItemProxy */;
		};
		F64C7F0D26D79718006E4F12 /* PBXTargetDependency */ = {
			isa = PBXTargetDependency;
			target = F6963C6426D51C1700C71771 /* jsonland */;
			targetProxy = F64C7F0C26D79718006E4F12 /* PBXContainerItemProxy */;
		};
		F6930AE02CDE4E2800D75684 /* PBXTargetDependency */ = {
			isa = PBXTargetDependency;
			target = F6963C6426D51C1700C71771 /* jsonland */;
			targetProxy = F6930AE12CDE4E2800D75684 /* PBXContainerItemProxy */;
		};
		F6963CA426D55F9500C71771 /* PBXTargetDependency */ = {
			isa = PBXTargetDependency;
			target = F6963C6426D51C1700C71771 /* jsonland */;
			targetProxy = F6963CA326D55F9500C71771 /* PBXContainerItemProxy */;
		};
		F6ABDE322B065AF4007ACD9A /* PBXTargetDependency */ = {
			isa = PBXTargetDependency;
			target = F6963C6426D51C1700C71771 /* jsonland */;
			targetProxy = F6ABDE312B065AF4007ACD9A /* PBXContainerItemProxy */;
		};
/* End PBXTargetDependency section */

/* Begin XCBuildConfiguration section */
		F60CC63326D3F8930035D17F /* Debug */ = {
			isa = XCBuildConfiguration;
			buildSettings = {
				CLANG_USE_OPTIMIZATION_PROFILE = NO;
				CODE_SIGN_STYLE = Automatic;
				PRODUCT_NAME = "$(TARGET_NAME)";
				RAPIDJSON_HAS_STDSTRING = "";
				SYSTEM_HEADER_SEARCH_PATHS = "$(PROJECT_DIR)/../ArduinoJson/src";
				USER_HEADER_SEARCH_PATHS = (
					googletest/googletest/include,
					googletest/googletest,
					"$(PROJECT_DIR)/../rapidjson/include",
					nlohmann/single_include,
					"$(PROJECT_DIR)",
					"$(PROJECT_DIR)/../ArduinoJson/src",
				);
			};
			name = Debug;
		};
		F60CC63426D3F8930035D17F /* Release */ = {
			isa = XCBuildConfiguration;
			buildSettings = {
				CLANG_USE_OPTIMIZATION_PROFILE = NO;
				CODE_SIGN_STYLE = Automatic;
				PRODUCT_NAME = "$(TARGET_NAME)";
				RAPIDJSON_HAS_STDSTRING = "";
				SYSTEM_HEADER_SEARCH_PATHS = "$(PROJECT_DIR)/../ArduinoJson/src";
				USER_HEADER_SEARCH_PATHS = (
					googletest/googletest/include,
					googletest/googletest,
					"$(PROJECT_DIR)/../rapidjson/include",
					nlohmann/single_include,
					"$(PROJECT_DIR)",
					"$(PROJECT_DIR)/../ArduinoJson/src",
				);
			};
			name = Release;
		};
		F638E7752C80C38B00DCF533 /* Debug */ = {
			isa = XCBuildConfiguration;
			buildSettings = {
				CODE_SIGN_STYLE = Automatic;
				JSONLAND_DEBUG = 1;
				LIBRARY_SEARCH_PATHS = (
					"$(inherited)",
					"$(PROJECT_DIR)/googletest/build/lib",
				);
				PRODUCT_NAME = "$(TARGET_NAME)";
			};
			name = Debug;
		};
		F638E7762C80C38B00DCF533 /* Release */ = {
			isa = XCBuildConfiguration;
			buildSettings = {
				CODE_SIGN_STYLE = Automatic;
				JSONLAND_DEBUG = 0;
				LIBRARY_SEARCH_PATHS = (
					"$(inherited)",
					"$(PROJECT_DIR)/googletest/build/lib",
				);
				PRODUCT_NAME = "$(TARGET_NAME)";
			};
			name = Release;
		};
		F648C9B82B3AEE550061D302 /* Debug */ = {
			isa = XCBuildConfiguration;
			buildSettings = {
				CODE_SIGN_STYLE = Automatic;
				PRODUCT_NAME = "$(TARGET_NAME)";
				RAPIDJSON_HAS_STDSTRING = "";
				SYSTEM_HEADER_SEARCH_PATHS = (
					"$(PROJECT_DIR)/../ArduinoJson/src",
					"$(PROJECT_DIR)/../nlohmann/include",
				);
				USER_HEADER_SEARCH_PATHS = (
					googletest/googletest/include,
					googletest/googletest,
					"$(PROJECT_DIR)/../rapidjson/include",
					nlohmann/single_include,
					"$(PROJECT_DIR)",
					"$(PROJECT_DIR)/../ArduinoJson/src",
					"$(PROJECT_DIR)/../nlohmann/include",
				);
			};
			name = Debug;
		};
		F648C9B92B3AEE550061D302 /* Release */ = {
			isa = XCBuildConfiguration;
			buildSettings = {
				CODE_SIGN_STYLE = Automatic;
				PRODUCT_NAME = "$(TARGET_NAME)";
				RAPIDJSON_HAS_STDSTRING = "";
				SYSTEM_HEADER_SEARCH_PATHS = (
					"$(PROJECT_DIR)/../ArduinoJson/src",
					"$(PROJECT_DIR)/../nlohmann/include",
				);
				USER_HEADER_SEARCH_PATHS = (
					googletest/googletest/include,
					googletest/googletest,
					"$(PROJECT_DIR)/../rapidjson/include",
					nlohmann/single_include,
					"$(PROJECT_DIR)",
					"$(PROJECT_DIR)/../ArduinoJson/src",
					"$(PROJECT_DIR)/../nlohmann/include",
				);
			};
			name = Release;
		};
		F64C7EE726D7921C006E4F12 /* Debug */ = {
			isa = XCBuildConfiguration;
			buildSettings = {
				CODE_SIGN_STYLE = Automatic;
				JSONLAND_DEBUG = 1;
				LIBRARY_SEARCH_PATHS = "$(inherited)";
				PRODUCT_NAME = "$(TARGET_NAME)";
			};
			name = Debug;
		};
		F64C7EE826D7921C006E4F12 /* Release */ = {
			isa = XCBuildConfiguration;
			buildSettings = {
				CODE_SIGN_STYLE = Automatic;
				JSONLAND_DEBUG = 0;
				LIBRARY_SEARCH_PATHS = "$(inherited)";
				PRODUCT_NAME = "$(TARGET_NAME)";
			};
			name = Release;
		};
		F65C68C026C95D1B00E4AA5F /* Debug */ = {
			isa = XCBuildConfiguration;
			buildSettings = {
				ALWAYS_SEARCH_USER_PATHS = NO;
				CLANG_ANALYZER_NONNULL = YES;
				CLANG_ANALYZER_NUMBER_OBJECT_CONVERSION = YES_AGGRESSIVE;
				CLANG_CXX_LANGUAGE_STANDARD = "c++20";
				CLANG_CXX_LIBRARY = "libc++";
				CLANG_ENABLE_MODULES = YES;
				CLANG_ENABLE_OBJC_ARC = YES;
				CLANG_ENABLE_OBJC_WEAK = YES;
				CLANG_WARN_BLOCK_CAPTURE_AUTORELEASING = YES;
				CLANG_WARN_BOOL_CONVERSION = YES;
				CLANG_WARN_COMMA = YES;
				CLANG_WARN_CONSTANT_CONVERSION = YES;
				CLANG_WARN_DEPRECATED_OBJC_IMPLEMENTATIONS = YES;
				CLANG_WARN_DIRECT_OBJC_ISA_USAGE = YES_ERROR;
				CLANG_WARN_DOCUMENTATION_COMMENTS = YES;
				CLANG_WARN_EMPTY_BODY = YES;
				CLANG_WARN_ENUM_CONVERSION = YES;
				CLANG_WARN_INFINITE_RECURSION = YES;
				CLANG_WARN_INT_CONVERSION = YES;
				CLANG_WARN_NON_LITERAL_NULL_CONVERSION = YES;
				CLANG_WARN_OBJC_IMPLICIT_RETAIN_SELF = YES;
				CLANG_WARN_OBJC_LITERAL_CONVERSION = YES;
				CLANG_WARN_OBJC_ROOT_CLASS = YES_ERROR;
				CLANG_WARN_QUOTED_INCLUDE_IN_FRAMEWORK_HEADER = YES;
				CLANG_WARN_RANGE_LOOP_ANALYSIS = YES;
				CLANG_WARN_STRICT_PROTOTYPES = YES;
				CLANG_WARN_SUSPICIOUS_MOVE = YES;
				CLANG_WARN_UNGUARDED_AVAILABILITY = YES_AGGRESSIVE;
				CLANG_WARN_UNREACHABLE_CODE = YES;
				CLANG_WARN__DUPLICATE_METHOD_MATCH = YES;
				COPY_PHASE_STRIP = NO;
				DEBUG_INFORMATION_FORMAT = dwarf;
				DEPLOYMENT_LOCATION = YES;
				DSTROOT = /;
				ENABLE_STRICT_OBJC_MSGSEND = YES;
				ENABLE_TESTABILITY = YES;
				GCC_C_LANGUAGE_STANDARD = gnu11;
				GCC_DYNAMIC_NO_PIC = NO;
				GCC_NO_COMMON_BLOCKS = YES;
				GCC_OPTIMIZATION_LEVEL = 0;
				GCC_PREPROCESSOR_DEFINITIONS = (
					"USE_FSTRING=1",
					"JSONLAND_DEBUG=1",
					"DEBUG=1",
				);
				GCC_WARN_64_TO_32_BIT_CONVERSION = YES;
				GCC_WARN_ABOUT_RETURN_TYPE = YES_ERROR;
				GCC_WARN_UNDECLARED_SELECTOR = YES;
				GCC_WARN_UNINITIALIZED_AUTOS = YES_AGGRESSIVE;
				GCC_WARN_UNUSED_FUNCTION = YES;
				GCC_WARN_UNUSED_VARIABLE = YES;
				INSTALL_PATH = "$(PROJECT_DIR)/$(CONFIGURATION)";
				MACOSX_DEPLOYMENT_TARGET = 10.15;
				MTL_ENABLE_DEBUG_INFO = INCLUDE_SOURCE;
				MTL_FAST_MATH = YES;
				ONLY_ACTIVE_ARCH = YES;
				RAPIDJSON_HAS_STDSTRING = 1;
				SDKROOT = macosx;
				SYSTEM_HEADER_SEARCH_PATHS = "$(PROJECT_DIR)/../nlohmann/include";
				USER_HEADER_SEARCH_PATHS = (
					"$(PROJECT_DIR)",
					"$(PROJECT_DIR)/../googletest/**",
					googletest/googletest,
					rapidjson/include,
					nlohmann/single_include,
					"$(PROJECT_DIR)/..",
				);
			};
			name = Debug;
		};
		F65C68C126C95D1B00E4AA5F /* Release */ = {
			isa = XCBuildConfiguration;
			buildSettings = {
				ALWAYS_SEARCH_USER_PATHS = NO;
				CLANG_ANALYZER_NONNULL = YES;
				CLANG_ANALYZER_NUMBER_OBJECT_CONVERSION = YES_AGGRESSIVE;
				CLANG_CXX_LANGUAGE_STANDARD = "c++20";
				CLANG_CXX_LIBRARY = "libc++";
				CLANG_ENABLE_MODULES = YES;
				CLANG_ENABLE_OBJC_ARC = YES;
				CLANG_ENABLE_OBJC_WEAK = YES;
				CLANG_WARN_BLOCK_CAPTURE_AUTORELEASING = YES;
				CLANG_WARN_BOOL_CONVERSION = YES;
				CLANG_WARN_COMMA = YES;
				CLANG_WARN_CONSTANT_CONVERSION = YES;
				CLANG_WARN_DEPRECATED_OBJC_IMPLEMENTATIONS = YES;
				CLANG_WARN_DIRECT_OBJC_ISA_USAGE = YES_ERROR;
				CLANG_WARN_DOCUMENTATION_COMMENTS = YES;
				CLANG_WARN_EMPTY_BODY = YES;
				CLANG_WARN_ENUM_CONVERSION = YES;
				CLANG_WARN_INFINITE_RECURSION = YES;
				CLANG_WARN_INT_CONVERSION = YES;
				CLANG_WARN_NON_LITERAL_NULL_CONVERSION = YES;
				CLANG_WARN_OBJC_IMPLICIT_RETAIN_SELF = YES;
				CLANG_WARN_OBJC_LITERAL_CONVERSION = YES;
				CLANG_WARN_OBJC_ROOT_CLASS = YES_ERROR;
				CLANG_WARN_QUOTED_INCLUDE_IN_FRAMEWORK_HEADER = YES;
				CLANG_WARN_RANGE_LOOP_ANALYSIS = YES;
				CLANG_WARN_STRICT_PROTOTYPES = YES;
				CLANG_WARN_SUSPICIOUS_MOVE = YES;
				CLANG_WARN_UNGUARDED_AVAILABILITY = YES_AGGRESSIVE;
				CLANG_WARN_UNREACHABLE_CODE = YES;
				CLANG_WARN__DUPLICATE_METHOD_MATCH = YES;
				COPY_PHASE_STRIP = NO;
				DEBUG_INFORMATION_FORMAT = "dwarf-with-dsym";
				DEPLOYMENT_LOCATION = YES;
				DSTROOT = /;
				ENABLE_NS_ASSERTIONS = NO;
				ENABLE_STRICT_OBJC_MSGSEND = YES;
				GCC_C_LANGUAGE_STANDARD = gnu11;
				GCC_NO_COMMON_BLOCKS = YES;
				GCC_PREPROCESSOR_DEFINITIONS = (
					"USE_FSTRING=1",
					"JSONLAND_DEBUG=0",
					"DEBUG=0",
				);
				GCC_WARN_64_TO_32_BIT_CONVERSION = YES;
				GCC_WARN_ABOUT_RETURN_TYPE = YES_ERROR;
				GCC_WARN_UNDECLARED_SELECTOR = YES;
				GCC_WARN_UNINITIALIZED_AUTOS = YES_AGGRESSIVE;
				GCC_WARN_UNUSED_FUNCTION = YES;
				GCC_WARN_UNUSED_VARIABLE = YES;
				INSTALL_PATH = "$(PROJECT_DIR)/$(CONFIGURATION)";
				MACOSX_DEPLOYMENT_TARGET = 10.15;
				MTL_ENABLE_DEBUG_INFO = NO;
				MTL_FAST_MATH = YES;
				ONLY_ACTIVE_ARCH = YES;
				RAPIDJSON_HAS_STDSTRING = 1;
				SDKROOT = macosx;
				SYSTEM_HEADER_SEARCH_PATHS = "$(PROJECT_DIR)/../nlohmann/include";
				USER_HEADER_SEARCH_PATHS = (
					"$(PROJECT_DIR)",
					"$(PROJECT_DIR)/../googletest/**",
					googletest/googletest,
					rapidjson/include,
					nlohmann/single_include,
					"$(PROJECT_DIR)/..",
				);
			};
			name = Release;
		};
		F6930AE92CDE4E2800D75684 /* Debug */ = {
			isa = XCBuildConfiguration;
			buildSettings = {
				CLANG_USE_OPTIMIZATION_PROFILE = NO;
				CODE_SIGN_STYLE = Automatic;
				PRODUCT_NAME = "$(TARGET_NAME)";
				RAPIDJSON_HAS_STDSTRING = "";
				SYSTEM_HEADER_SEARCH_PATHS = "$(PROJECT_DIR)/../ArduinoJson/src";
				USER_HEADER_SEARCH_PATHS = (
					googletest/googletest/include,
					googletest/googletest,
					"$(PROJECT_DIR)/../rapidjson/include",
					nlohmann/single_include,
					"$(PROJECT_DIR)",
					"$(PROJECT_DIR)/../ArduinoJson/src",
				);
			};
			name = Debug;
		};
		F6930AEA2CDE4E2800D75684 /* Release */ = {
			isa = XCBuildConfiguration;
			buildSettings = {
				CLANG_USE_OPTIMIZATION_PROFILE = NO;
				CODE_SIGN_STYLE = Automatic;
				PRODUCT_NAME = "$(TARGET_NAME)";
				RAPIDJSON_HAS_STDSTRING = "";
				SYSTEM_HEADER_SEARCH_PATHS = "$(PROJECT_DIR)/../ArduinoJson/src";
				USER_HEADER_SEARCH_PATHS = (
					googletest/googletest/include,
					googletest/googletest,
					"$(PROJECT_DIR)/../rapidjson/include",
					nlohmann/single_include,
					"$(PROJECT_DIR)",
					"$(PROJECT_DIR)/../ArduinoJson/src",
				);
			};
			name = Release;
		};
		F6963C6726D51C1700C71771 /* Debug */ = {
			isa = XCBuildConfiguration;
			buildSettings = {
				CODE_SIGN_STYLE = Automatic;
				EXECUTABLE_PREFIX = lib;
				PRODUCT_NAME = "$(TARGET_NAME)";
				SKIP_INSTALL = YES;
			};
			name = Debug;
		};
		F6963C6826D51C1700C71771 /* Release */ = {
			isa = XCBuildConfiguration;
			buildSettings = {
				CODE_SIGN_STYLE = Automatic;
				EXECUTABLE_PREFIX = lib;
				PRODUCT_NAME = "$(TARGET_NAME)";
				SKIP_INSTALL = YES;
			};
			name = Release;
		};
		F6ABDE2F2B065AB3007ACD9A /* Debug */ = {
			isa = XCBuildConfiguration;
			buildSettings = {
				CLANG_CXX_LANGUAGE_STANDARD = "gnu++20";
				CODE_SIGN_STYLE = Automatic;
				GCC_PREPROCESSOR_DEFINITIONS = (
					"DEBUG=1",
					"$(inherited)",
				);
				PRODUCT_NAME = "$(TARGET_NAME)";
			};
			name = Debug;
		};
		F6ABDE302B065AB3007ACD9A /* Release */ = {
			isa = XCBuildConfiguration;
			buildSettings = {
				CLANG_CXX_LANGUAGE_STANDARD = "gnu++20";
				CODE_SIGN_STYLE = Automatic;
				PRODUCT_NAME = "$(TARGET_NAME)";
			};
			name = Release;
		};
/* End XCBuildConfiguration section */

/* Begin XCConfigurationList section */
		F60CC63526D3F8930035D17F /* Build configuration list for PBXNativeTarget "benchmark" */ = {
			isa = XCConfigurationList;
			buildConfigurations = (
				F60CC63326D3F8930035D17F /* Debug */,
				F60CC63426D3F8930035D17F /* Release */,
			);
			defaultConfigurationIsVisible = 0;
			defaultConfigurationName = Release;
		};
		F638E7742C80C38B00DCF533 /* Build configuration list for PBXNativeTarget "test_json_creator" */ = {
			isa = XCConfigurationList;
			buildConfigurations = (
				F638E7752C80C38B00DCF533 /* Debug */,
				F638E7762C80C38B00DCF533 /* Release */,
			);
			defaultConfigurationIsVisible = 0;
			defaultConfigurationName = Release;
		};
		F648C9B72B3AEE550061D302 /* Build configuration list for PBXNativeTarget "behaviours" */ = {
			isa = XCConfigurationList;
			buildConfigurations = (
				F648C9B82B3AEE550061D302 /* Debug */,
				F648C9B92B3AEE550061D302 /* Release */,
			);
			defaultConfigurationIsVisible = 0;
			defaultConfigurationName = Release;
		};
		F64C7EE926D7921C006E4F12 /* Build configuration list for PBXNativeTarget "test_json_node" */ = {
			isa = XCConfigurationList;
			buildConfigurations = (
				F64C7EE726D7921C006E4F12 /* Debug */,
				F64C7EE826D7921C006E4F12 /* Release */,
			);
			defaultConfigurationIsVisible = 0;
			defaultConfigurationName = Release;
		};
		F65C68B626C95D1A00E4AA5F /* Build configuration list for PBXProject "jsonland" */ = {
			isa = XCConfigurationList;
			buildConfigurations = (
				F65C68C026C95D1B00E4AA5F /* Debug */,
				F65C68C126C95D1B00E4AA5F /* Release */,
			);
			defaultConfigurationIsVisible = 0;
			defaultConfigurationName = Release;
		};
		F6930AE82CDE4E2800D75684 /* Build configuration list for PBXNativeTarget "serialize" */ = {
			isa = XCConfigurationList;
			buildConfigurations = (
				F6930AE92CDE4E2800D75684 /* Debug */,
				F6930AEA2CDE4E2800D75684 /* Release */,
			);
			defaultConfigurationIsVisible = 0;
			defaultConfigurationName = Release;
		};
		F6963C6626D51C1700C71771 /* Build configuration list for PBXNativeTarget "jsonland" */ = {
			isa = XCConfigurationList;
			buildConfigurations = (
				F6963C6726D51C1700C71771 /* Debug */,
				F6963C6826D51C1700C71771 /* Release */,
			);
			defaultConfigurationIsVisible = 0;
			defaultConfigurationName = Release;
		};
		F6ABDE2E2B065AB3007ACD9A /* Build configuration list for PBXNativeTarget "examples" */ = {
			isa = XCConfigurationList;
			buildConfigurations = (
				F6ABDE2F2B065AB3007ACD9A /* Debug */,
				F6ABDE302B065AB3007ACD9A /* Release */,
			);
			defaultConfigurationIsVisible = 0;
			defaultConfigurationName = Release;
		};
/* End XCConfigurationList section */
	};
	rootObject = F65C68B326C95D1A00E4AA5F /* Project object */;
}
