// !$*UTF8*$!
{
	archiveVersion = 1;
	classes = {
	};
	objectVersion = 50;
	objects = {

/* Begin PBXBuildFile section */
		F60CC63226D3F8930035D17F /* benchmark_main.cpp in Sources */ = {isa = PBXBuildFile; fileRef = F60CC63126D3F8930035D17F /* benchmark_main.cpp */; };
		F617B2BA2971B644007A0D81 /* gtest-all.cc in Sources */ = {isa = PBXBuildFile; fileRef = F617B2B22971B1EC007A0D81 /* gtest-all.cc */; };
		F617B2BB2971B6A9007A0D81 /* gtest_main.cc in Sources */ = {isa = PBXBuildFile; fileRef = F617B2A82971B182007A0D81 /* gtest_main.cc */; };
		F62C079026E77696004DDA5D /* json_node.cpp in Sources */ = {isa = PBXBuildFile; fileRef = F68EC13F26E23A7600B8BA77 /* json_node.cpp */; };
		F62C079726E8AAAB004DDA5D /* test_numbers.cpp in Sources */ = {isa = PBXBuildFile; fileRef = F62C079626E8AAAB004DDA5D /* test_numbers.cpp */; };
		F648C9B52B3AEE550061D302 /* libjsonland.a in Frameworks */ = {isa = PBXBuildFile; fileRef = F6963C6526D51C1700C71771 /* libjsonland.a */; };
		F648C9BC2B3AEE8C0061D302 /* behaviours_main.cpp in Sources */ = {isa = PBXBuildFile; fileRef = F648C9BB2B3AEE8C0061D302 /* behaviours_main.cpp */; };
		F64C45FC2B0FB5D700ADDAC9 /* test_string_or_view.cpp in Sources */ = {isa = PBXBuildFile; fileRef = F6FF2B642A32226A00E662D2 /* test_string_or_view.cpp */; };
		F64C7EF626D79256006E4F12 /* create_json_gtests.cpp in Sources */ = {isa = PBXBuildFile; fileRef = F611015926CD66F600A01C16 /* create_json_gtests.cpp */; };
		F64C7EF826D79256006E4F12 /* parse_json_gtests.cpp in Sources */ = {isa = PBXBuildFile; fileRef = F611016726CD6BB300A01C16 /* parse_json_gtests.cpp */; };
		F64C7EF926D79256006E4F12 /* test_compare.cpp in Sources */ = {isa = PBXBuildFile; fileRef = F60CC62526D3D9AE0035D17F /* test_compare.cpp */; };
		F64C7EFA26D79256006E4F12 /* test_ctors.cpp in Sources */ = {isa = PBXBuildFile; fileRef = F60CC61C26D2723A0035D17F /* test_ctors.cpp */; };
		F64C7EFB26D79256006E4F12 /* test_escapse.cpp in Sources */ = {isa = PBXBuildFile; fileRef = F6963C5626D4D81000C71771 /* test_escapse.cpp */; };
		F64C7EFC26D79256006E4F12 /* test_assign.cpp in Sources */ = {isa = PBXBuildFile; fileRef = F60CC61F26D272C40035D17F /* test_assign.cpp */; };
		F64C7F0E26D7971E006E4F12 /* libjsonland.a in Frameworks */ = {isa = PBXBuildFile; fileRef = F6963C6526D51C1700C71771 /* libjsonland.a */; };
		F6963CA626D55F9B00C71771 /* libjsonland.a in Frameworks */ = {isa = PBXBuildFile; fileRef = F6963C6526D51C1700C71771 /* libjsonland.a */; };
		F6ABDE332B065AFC007ACD9A /* libjsonland.a in Frameworks */ = {isa = PBXBuildFile; fileRef = F6963C6526D51C1700C71771 /* libjsonland.a */; };
		F6C14DBC2B1A121900E0202D /* just_parse.cpp in Sources */ = {isa = PBXBuildFile; fileRef = F6C14DBB2B1A121900E0202D /* just_parse.cpp */; };
		F6F5A08726EB975E007E11BE /* test_iter.cpp in Sources */ = {isa = PBXBuildFile; fileRef = F6F5A08626EB975E007E11BE /* test_iter.cpp */; };
		F6FB299B2B28CC3D005D1D23 /* test_get_value.cpp in Sources */ = {isa = PBXBuildFile; fileRef = F6FB299A2B28CC3D005D1D23 /* test_get_value.cpp */; };
/* End PBXBuildFile section */

/* Begin PBXContainerItemProxy section */
		F648C9B12B3AEE550061D302 /* PBXContainerItemProxy */ = {
			isa = PBXContainerItemProxy;
			containerPortal = F65C68B326C95D1A00E4AA5F /* Project object */;
			proxyType = 1;
			remoteGlobalIDString = F6963C6426D51C1700C71771;
			remoteInfo = jsonland;
		};
		F64C7F0C26D79718006E4F12 /* PBXContainerItemProxy */ = {
			isa = PBXContainerItemProxy;
			containerPortal = F65C68B326C95D1A00E4AA5F /* Project object */;
			proxyType = 1;
			remoteGlobalIDString = F6963C6426D51C1700C71771;
			remoteInfo = jsonland;
		};
		F6963CA326D55F9500C71771 /* PBXContainerItemProxy */ = {
			isa = PBXContainerItemProxy;
			containerPortal = F65C68B326C95D1A00E4AA5F /* Project object */;
			proxyType = 1;
			remoteGlobalIDString = F6963C6426D51C1700C71771;
			remoteInfo = jsonland;
		};
		F6ABDE312B065AF4007ACD9A /* PBXContainerItemProxy */ = {
			isa = PBXContainerItemProxy;
			containerPortal = F65C68B326C95D1A00E4AA5F /* Project object */;
			proxyType = 1;
			remoteGlobalIDString = F6963C6426D51C1700C71771;
			remoteInfo = jsonland;
		};
/* End PBXContainerItemProxy section */

/* Begin PBXCopyFilesBuildPhase section */
		F60CC62D26D3F8930035D17F /* CopyFiles */ = {
			isa = PBXCopyFilesBuildPhase;
			buildActionMask = 2147483647;
			dstPath = /usr/share/man/man1/;
			dstSubfolderSpec = 0;
			files = (
			);
			runOnlyForDeploymentPostprocessing = 1;
		};
		F648C9B62B3AEE550061D302 /* CopyFiles */ = {
			isa = PBXCopyFilesBuildPhase;
			buildActionMask = 2147483647;
			dstPath = /usr/share/man/man1/;
			dstSubfolderSpec = 0;
			files = (
			);
			runOnlyForDeploymentPostprocessing = 1;
		};
		F64C7EE126D7921C006E4F12 /* CopyFiles */ = {
			isa = PBXCopyFilesBuildPhase;
			buildActionMask = 2147483647;
			dstPath = /usr/share/man/man1/;
			dstSubfolderSpec = 0;
			files = (
			);
			runOnlyForDeploymentPostprocessing = 1;
		};
		F6ABDE282B065AB3007ACD9A /* CopyFiles */ = {
			isa = PBXCopyFilesBuildPhase;
			buildActionMask = 2147483647;
			dstPath = /usr/share/man/man1/;
			dstSubfolderSpec = 0;
			files = (
			);
			runOnlyForDeploymentPostprocessing = 1;
		};
/* End PBXCopyFilesBuildPhase section */

/* Begin PBXFileReference section */
		F60CC61726D23F920035D17F /* json.hpp */ = {isa = PBXFileReference; lastKnownFileType = sourcecode.cpp.h; name = json.hpp; path = ../../../../Volumes/p4client/ProAudio/SDKs/JSON/nlohmann/3.10.5/single_include/nlohmann/json.hpp; sourceTree = SOURCE_ROOT; };
		F60CC61C26D2723A0035D17F /* test_ctors.cpp */ = {isa = PBXFileReference; lastKnownFileType = sourcecode.cpp.cpp; name = test_ctors.cpp; path = test/code/test_ctors.cpp; sourceTree = "<group>"; };
		F60CC61F26D272C40035D17F /* test_assign.cpp */ = {isa = PBXFileReference; lastKnownFileType = sourcecode.cpp.cpp; name = test_assign.cpp; path = test/code/test_assign.cpp; sourceTree = "<group>"; };
		F60CC62526D3D9AE0035D17F /* test_compare.cpp */ = {isa = PBXFileReference; lastKnownFileType = sourcecode.cpp.cpp; name = test_compare.cpp; path = test/code/test_compare.cpp; sourceTree = "<group>"; };
		F60CC62F26D3F8930035D17F /* benchmark */ = {isa = PBXFileReference; explicitFileType = "compiled.mach-o.executable"; includeInIndex = 0; path = benchmark; sourceTree = BUILT_PRODUCTS_DIR; };
		F60CC63126D3F8930035D17F /* benchmark_main.cpp */ = {isa = PBXFileReference; lastKnownFileType = sourcecode.cpp.cpp; name = benchmark_main.cpp; path = benchmark/code/benchmark_main.cpp; sourceTree = SOURCE_ROOT; };
		F611015926CD66F600A01C16 /* create_json_gtests.cpp */ = {isa = PBXFileReference; lastKnownFileType = sourcecode.cpp.cpp; name = create_json_gtests.cpp; path = test/code/create_json_gtests.cpp; sourceTree = "<group>"; };
		F611016726CD6BB300A01C16 /* parse_json_gtests.cpp */ = {isa = PBXFileReference; fileEncoding = 4; lastKnownFileType = sourcecode.cpp.cpp; name = parse_json_gtests.cpp; path = test/code/parse_json_gtests.cpp; sourceTree = "<group>"; };
		F611016E26CFF47E00A01C16 /* docs */ = {isa = PBXFileReference; lastKnownFileType = folder; path = docs; sourceTree = "<group>"; };
		F617B2A82971B182007A0D81 /* gtest_main.cc */ = {isa = PBXFileReference; lastKnownFileType = sourcecode.cpp.cpp; name = gtest_main.cc; path = googletest/googletest/src/gtest_main.cc; sourceTree = "<group>"; };
		F617B2B22971B1EC007A0D81 /* gtest-all.cc */ = {isa = PBXFileReference; fileEncoding = 4; lastKnownFileType = sourcecode.cpp.cpp; name = "gtest-all.cc"; path = "googletest/googletest/src/gtest-all.cc"; sourceTree = "<group>"; };
		F62C078226E6469A004DDA5D /* test_parsing_Suites.cpp */ = {isa = PBXFileReference; lastKnownFileType = sourcecode.cpp.cpp; name = test_parsing_Suites.cpp; path = test/code/test_parsing_Suites.cpp; sourceTree = "<group>"; };
		F62C079626E8AAAB004DDA5D /* test_numbers.cpp */ = {isa = PBXFileReference; lastKnownFileType = sourcecode.cpp.cpp; name = test_numbers.cpp; path = test/code/test_numbers.cpp; sourceTree = "<group>"; };
		F641F9A12B1244FB00C6E7AF /* JsonBenchmarker.h */ = {isa = PBXFileReference; lastKnownFileType = sourcecode.c.h; name = JsonBenchmarker.h; path = code/JsonBenchmarker.h; sourceTree = "<group>"; };
		F641F9A22B1245E300C6E7AF /* JsonlandBenchMarker.h */ = {isa = PBXFileReference; lastKnownFileType = sourcecode.c.h; name = JsonlandBenchMarker.h; path = code/JsonlandBenchMarker.h; sourceTree = "<group>"; };
		F641F9A32B124C0400C6E7AF /* RapidjsonBenchmarker.h */ = {isa = PBXFileReference; lastKnownFileType = sourcecode.c.h; name = RapidjsonBenchmarker.h; path = code/RapidjsonBenchmarker.h; sourceTree = "<group>"; };
		F641F9A42B124C3800C6E7AF /* NlohmannBenchmarker.h */ = {isa = PBXFileReference; lastKnownFileType = sourcecode.c.h; name = NlohmannBenchmarker.h; path = code/NlohmannBenchmarker.h; sourceTree = "<group>"; };
		F641F9A52B12537400C6E7AF /* rapidjson.h */ = {isa = PBXFileReference; fileEncoding = 4; lastKnownFileType = sourcecode.c.h; path = rapidjson.h; sourceTree = "<group>"; };
		F641F9A62B1258A900C6E7AF /* writer.h */ = {isa = PBXFileReference; fileEncoding = 4; lastKnownFileType = sourcecode.c.h; path = writer.h; sourceTree = "<group>"; };
		F648C9BA2B3AEE550061D302 /* behaviours */ = {isa = PBXFileReference; explicitFileType = "compiled.mach-o.executable"; includeInIndex = 0; path = behaviours; sourceTree = BUILT_PRODUCTS_DIR; };
		F648C9BB2B3AEE8C0061D302 /* behaviours_main.cpp */ = {isa = PBXFileReference; lastKnownFileType = sourcecode.cpp.cpp; name = behaviours_main.cpp; path = behaviours/behaviours_main.cpp; sourceTree = "<group>"; };
		F64C7EE326D7921C006E4F12 /* test */ = {isa = PBXFileReference; explicitFileType = "compiled.mach-o.executable"; includeInIndex = 0; path = test; sourceTree = BUILT_PRODUCTS_DIR; };
		F65C68CB26C9629100E4AA5F /* gtest.h */ = {isa = PBXFileReference; fileEncoding = 4; lastKnownFileType = sourcecode.c.h; name = gtest.h; path = googletest/googletest/include/gtest/gtest.h; sourceTree = "<group>"; };
		F66782582B39CFF2003C59F8 /* ArduinoJsonBenchmarker.h */ = {isa = PBXFileReference; lastKnownFileType = sourcecode.c.h; path = ArduinoJsonBenchmarker.h; sourceTree = "<group>"; };
		F667825A2B39D1CF003C59F8 /* ArduinoJson */ = {isa = PBXFileReference; lastKnownFileType = folder; path = ArduinoJson; sourceTree = "<group>"; };
		F674D58B2B27005300C47E9A /* examples */ = {isa = PBXFileReference; lastKnownFileType = folder; path = examples; sourceTree = "<group>"; };
		F68EC13E26E23A7600B8BA77 /* json_node.h */ = {isa = PBXFileReference; fileEncoding = 4; lastKnownFileType = sourcecode.c.h; name = json_node.h; path = jsonland/json_node.h; sourceTree = SOURCE_ROOT; xcLanguageSpecificationIdentifier = xcode.lang.cpp; };
		F68EC13F26E23A7600B8BA77 /* json_node.cpp */ = {isa = PBXFileReference; fileEncoding = 4; lastKnownFileType = sourcecode.cpp.cpp; name = json_node.cpp; path = jsonland/json_node.cpp; sourceTree = SOURCE_ROOT; };
		F6963C5626D4D81000C71771 /* test_escapse.cpp */ = {isa = PBXFileReference; lastKnownFileType = sourcecode.cpp.cpp; name = test_escapse.cpp; path = test/code/test_escapse.cpp; sourceTree = "<group>"; };
		F6963C6526D51C1700C71771 /* libjsonland.a */ = {isa = PBXFileReference; explicitFileType = archive.ar; includeInIndex = 0; path = libjsonland.a; sourceTree = BUILT_PRODUCTS_DIR; };
		F6A8319D26EE636B00806E20 /* test_unicode.cpp */ = {isa = PBXFileReference; lastKnownFileType = sourcecode.cpp.cpp; name = test_unicode.cpp; path = test/code/test_unicode.cpp; sourceTree = "<group>"; };
		F6ABDE2A2B065AB3007ACD9A /* examples */ = {isa = PBXFileReference; explicitFileType = "compiled.mach-o.executable"; includeInIndex = 0; path = examples; sourceTree = BUILT_PRODUCTS_DIR; };
		F6ABDE2C2B065AB3007ACD9A /* parse_timing_main.cpp */ = {isa = PBXFileReference; lastKnownFileType = sourcecode.cpp.cpp; name = parse_timing_main.cpp; path = ../benchmark/code/parse_timing_main.cpp; sourceTree = "<group>"; };
		F6ABDE342B07C175007ACD9A /* string_or_view.h */ = {isa = PBXFileReference; lastKnownFileType = sourcecode.c.h; path = string_or_view.h; sourceTree = "<group>"; };
		F6C14DBB2B1A121900E0202D /* just_parse.cpp */ = {isa = PBXFileReference; lastKnownFileType = sourcecode.cpp.cpp; path = just_parse.cpp; sourceTree = "<group>"; };
		F6C77A612B3D96F700A2952F /* document.h */ = {isa = PBXFileReference; fileEncoding = 4; lastKnownFileType = sourcecode.c.h; path = document.h; sourceTree = "<group>"; };
		F6D0F7202B188CD5009EF661 /* jsonland.profdata */ = {isa = PBXFileReference; lastKnownFileType = file; path = jsonland.profdata; sourceTree = "<group>"; };
		F6F5A08626EB975E007E11BE /* test_iter.cpp */ = {isa = PBXFileReference; lastKnownFileType = sourcecode.cpp.cpp; name = test_iter.cpp; path = test/code/test_iter.cpp; sourceTree = "<group>"; };
		F6FB299A2B28CC3D005D1D23 /* test_get_value.cpp */ = {isa = PBXFileReference; lastKnownFileType = sourcecode.cpp.cpp; name = test_get_value.cpp; path = test/code/test_get_value.cpp; sourceTree = "<group>"; };
		F6FF2B642A32226A00E662D2 /* test_string_or_view.cpp */ = {isa = PBXFileReference; lastKnownFileType = sourcecode.cpp.cpp; name = test_string_or_view.cpp; path = test/code/test_string_or_view.cpp; sourceTree = "<group>"; };
/* End PBXFileReference section */

/* Begin PBXFrameworksBuildPhase section */
		F60CC62C26D3F8930035D17F /* Frameworks */ = {
			isa = PBXFrameworksBuildPhase;
			buildActionMask = 2147483647;
			files = (
				F6963CA626D55F9B00C71771 /* libjsonland.a in Frameworks */,
			);
			runOnlyForDeploymentPostprocessing = 0;
		};
		F648C9B42B3AEE550061D302 /* Frameworks */ = {
			isa = PBXFrameworksBuildPhase;
			buildActionMask = 2147483647;
			files = (
				F648C9B52B3AEE550061D302 /* libjsonland.a in Frameworks */,
			);
			runOnlyForDeploymentPostprocessing = 0;
		};
		F64C7EE026D7921C006E4F12 /* Frameworks */ = {
			isa = PBXFrameworksBuildPhase;
			buildActionMask = 2147483647;
			files = (
				F64C7F0E26D7971E006E4F12 /* libjsonland.a in Frameworks */,
			);
			runOnlyForDeploymentPostprocessing = 0;
		};
		F6963C6326D51C1700C71771 /* Frameworks */ = {
			isa = PBXFrameworksBuildPhase;
			buildActionMask = 2147483647;
			files = (
			);
			runOnlyForDeploymentPostprocessing = 0;
		};
		F6ABDE272B065AB3007ACD9A /* Frameworks */ = {
			isa = PBXFrameworksBuildPhase;
			buildActionMask = 2147483647;
			files = (
				F6ABDE332B065AFC007ACD9A /* libjsonland.a in Frameworks */,
			);
			runOnlyForDeploymentPostprocessing = 0;
		};
/* End PBXFrameworksBuildPhase section */

/* Begin PBXGroup section */
		F60CC63026D3F8930035D17F /* benchmark */ = {
			isa = PBXGroup;
			children = (
				F60CC63126D3F8930035D17F /* benchmark_main.cpp */,
				F667825A2B39D1CF003C59F8 /* ArduinoJson */,
				F6963C4426D4C6D700C71771 /* rapidjson */,
				F60CC63826D3F8B10035D17F /* nlohmann */,
				F641F9A12B1244FB00C6E7AF /* JsonBenchmarker.h */,
				F641F9A22B1245E300C6E7AF /* JsonlandBenchMarker.h */,
				F641F9A32B124C0400C6E7AF /* RapidjsonBenchmarker.h */,
				F641F9A42B124C3800C6E7AF /* NlohmannBenchmarker.h */,
				F66782582B39CFF2003C59F8 /* ArduinoJsonBenchmarker.h */,
			);
			path = benchmark;
			sourceTree = "<group>";
		};
		F60CC63826D3F8B10035D17F /* nlohmann */ = {
			isa = PBXGroup;
			children = (
				F60CC61726D23F920035D17F /* json.hpp */,
			);
			name = nlohmann;
			path = ..;
			sourceTree = "<group>";
		};
		F64C7EE426D7921C006E4F12 /* test */ = {
			isa = PBXGroup;
			children = (
				F611016726CD6BB300A01C16 /* parse_json_gtests.cpp */,
				F611015926CD66F600A01C16 /* create_json_gtests.cpp */,
				F60CC61C26D2723A0035D17F /* test_ctors.cpp */,
				F60CC61F26D272C40035D17F /* test_assign.cpp */,
				F60CC62526D3D9AE0035D17F /* test_compare.cpp */,
				F6963C5626D4D81000C71771 /* test_escapse.cpp */,
				F62C078226E6469A004DDA5D /* test_parsing_Suites.cpp */,
				F62C079626E8AAAB004DDA5D /* test_numbers.cpp */,
				F6F5A08626EB975E007E11BE /* test_iter.cpp */,
				F6A8319D26EE636B00806E20 /* test_unicode.cpp */,
				F6FF2B642A32226A00E662D2 /* test_string_or_view.cpp */,
				F6FB299A2B28CC3D005D1D23 /* test_get_value.cpp */,
			);
			name = test;
			sourceTree = "<group>";
		};
		F65C68B226C95D1A00E4AA5F = {
			isa = PBXGroup;
			children = (
				F65C68BD26C95D1B00E4AA5F /* jsonland */,
				F6A9BB4A2B470B81001D7684 /* behaviours */,
				F674D58B2B27005300C47E9A /* examples */,
				F6C14DBB2B1A121900E0202D /* just_parse.cpp */,
				F611016E26CFF47E00A01C16 /* docs */,
				F60CC63026D3F8930035D17F /* benchmark */,
				F65C68CA26C9624F00E4AA5F /* gtest */,
				F64C7EE426D7921C006E4F12 /* test */,
				F6ABDE2B2B065AB3007ACD9A /* timing */,
				F65C68BC26C95D1B00E4AA5F /* Products */,
				F6963CA526D55F9B00C71771 /* Frameworks */,
				F6D0F71F2B188CD5009EF661 /* OptimizationProfiles */,
			);
			sourceTree = "<group>";
		};
		F65C68BC26C95D1B00E4AA5F /* Products */ = {
			isa = PBXGroup;
			children = (
				F60CC62F26D3F8930035D17F /* benchmark */,
				F6963C6526D51C1700C71771 /* libjsonland.a */,
				F64C7EE326D7921C006E4F12 /* test */,
				F6ABDE2A2B065AB3007ACD9A /* examples */,
				F648C9BA2B3AEE550061D302 /* behaviours */,
			);
			name = Products;
			sourceTree = "<group>";
		};
		F65C68BD26C95D1B00E4AA5F /* jsonland */ = {
			isa = PBXGroup;
			children = (
				F68EC13E26E23A7600B8BA77 /* json_node.h */,
				F68EC13F26E23A7600B8BA77 /* json_node.cpp */,
				F6ABDE342B07C175007ACD9A /* string_or_view.h */,
			);
			path = jsonland;
			sourceTree = "<group>";
		};
		F65C68CA26C9624F00E4AA5F /* gtest */ = {
			isa = PBXGroup;
			children = (
				F65C68CB26C9629100E4AA5F /* gtest.h */,
				F617B2B22971B1EC007A0D81 /* gtest-all.cc */,
				F617B2A82971B182007A0D81 /* gtest_main.cc */,
			);
			name = gtest;
			sourceTree = "<group>";
		};
		F6963C4426D4C6D700C71771 /* rapidjson */ = {
			isa = PBXGroup;
			children = (
				F6C77A612B3D96F700A2952F /* document.h */,
				F641F9A62B1258A900C6E7AF /* writer.h */,
				F641F9A52B12537400C6E7AF /* rapidjson.h */,
			);
			name = rapidjson;
			path = ../rapidjson/include/rapidjson;
			sourceTree = SOURCE_ROOT;
		};
		F6963CA526D55F9B00C71771 /* Frameworks */ = {
			isa = PBXGroup;
			children = (
			);
			name = Frameworks;
			sourceTree = "<group>";
		};
		F6A9BB4A2B470B81001D7684 /* behaviours */ = {
			isa = PBXGroup;
			children = (
				F648C9BB2B3AEE8C0061D302 /* behaviours_main.cpp */,
			);
			name = behaviours;
			sourceTree = "<group>";
		};
		F6ABDE2B2B065AB3007ACD9A /* timing */ = {
			isa = PBXGroup;
			children = (
				F6ABDE2C2B065AB3007ACD9A /* parse_timing_main.cpp */,
			);
			path = timing;
			sourceTree = "<group>";
		};
		F6D0F71F2B188CD5009EF661 /* OptimizationProfiles */ = {
			isa = PBXGroup;
			children = (
				F6D0F7202B188CD5009EF661 /* jsonland.profdata */,
			);
			path = OptimizationProfiles;
			sourceTree = "<group>";
		};
/* End PBXGroup section */

/* Begin PBXHeadersBuildPhase section */
		F6963C6126D51C1700C71771 /* Headers */ = {
			isa = PBXHeadersBuildPhase;
			buildActionMask = 2147483647;
			files = (
			);
			runOnlyForDeploymentPostprocessing = 0;
		};
/* End PBXHeadersBuildPhase section */

/* Begin PBXNativeTarget section */
		F60CC62E26D3F8930035D17F /* benchmark */ = {
			isa = PBXNativeTarget;
			buildConfigurationList = F60CC63526D3F8930035D17F /* Build configuration list for PBXNativeTarget "benchmark" */;
			buildPhases = (
				F60CC62B26D3F8930035D17F /* Sources */,
				F60CC62C26D3F8930035D17F /* Frameworks */,
				F60CC62D26D3F8930035D17F /* CopyFiles */,
			);
			buildRules = (
			);
			dependencies = (
				F6963CA426D55F9500C71771 /* PBXTargetDependency */,
			);
			name = benchmark;
			productName = benchmark;
			productReference = F60CC62F26D3F8930035D17F /* benchmark */;
			productType = "com.apple.product-type.tool";
		};
		F648C9AF2B3AEE550061D302 /* behaviours */ = {
			isa = PBXNativeTarget;
			buildConfigurationList = F648C9B72B3AEE550061D302 /* Build configuration list for PBXNativeTarget "behaviours" */;
			buildPhases = (
				F648C9B22B3AEE550061D302 /* Sources */,
				F648C9B42B3AEE550061D302 /* Frameworks */,
				F648C9B62B3AEE550061D302 /* CopyFiles */,
			);
			buildRules = (
			);
			dependencies = (
				F648C9B02B3AEE550061D302 /* PBXTargetDependency */,
			);
			name = behaviours;
			productName = benchmark;
			productReference = F648C9BA2B3AEE550061D302 /* behaviours */;
			productType = "com.apple.product-type.tool";
		};
		F64C7EE226D7921C006E4F12 /* test */ = {
			isa = PBXNativeTarget;
			buildConfigurationList = F64C7EE926D7921C006E4F12 /* Build configuration list for PBXNativeTarget "test" */;
			buildPhases = (
				F64C7EDF26D7921C006E4F12 /* Sources */,
				F64C7EE026D7921C006E4F12 /* Frameworks */,
				F64C7EE126D7921C006E4F12 /* CopyFiles */,
			);
			buildRules = (
			);
			dependencies = (
				F64C7F0D26D79718006E4F12 /* PBXTargetDependency */,
			);
			name = test;
			productName = test;
			productReference = F64C7EE326D7921C006E4F12 /* test */;
			productType = "com.apple.product-type.tool";
		};
		F6963C6426D51C1700C71771 /* jsonland */ = {
			isa = PBXNativeTarget;
			buildConfigurationList = F6963C6626D51C1700C71771 /* Build configuration list for PBXNativeTarget "jsonland" */;
			buildPhases = (
				F6963C6126D51C1700C71771 /* Headers */,
				F6963C6226D51C1700C71771 /* Sources */,
				F6963C6326D51C1700C71771 /* Frameworks */,
			);
			buildRules = (
			);
			dependencies = (
			);
			name = jsonland;
			productName = jsonland;
			productReference = F6963C6526D51C1700C71771 /* libjsonland.a */;
			productType = "com.apple.product-type.library.static";
		};
		F6ABDE292B065AB3007ACD9A /* examples */ = {
			isa = PBXNativeTarget;
			buildConfigurationList = F6ABDE2E2B065AB3007ACD9A /* Build configuration list for PBXNativeTarget "examples" */;
			buildPhases = (
				F6ABDE262B065AB3007ACD9A /* Sources */,
				F6ABDE272B065AB3007ACD9A /* Frameworks */,
				F6ABDE282B065AB3007ACD9A /* CopyFiles */,
			);
			buildRules = (
			);
			dependencies = (
				F6ABDE322B065AF4007ACD9A /* PBXTargetDependency */,
			);
			name = examples;
			productName = examples;
			productReference = F6ABDE2A2B065AB3007ACD9A /* examples */;
			productType = "com.apple.product-type.tool";
		};
/* End PBXNativeTarget section */

/* Begin PBXProject section */
		F65C68B326C95D1A00E4AA5F /* Project object */ = {
			isa = PBXProject;
			attributes = {
				LastUpgradeCheck = 1240;
				TargetAttributes = {
					F60CC62E26D3F8930035D17F = {
						CreatedOnToolsVersion = 12.4;
					};
					F64C7EE226D7921C006E4F12 = {
						CreatedOnToolsVersion = 12.4;
					};
					F6963C6426D51C1700C71771 = {
						CreatedOnToolsVersion = 12.4;
					};
					F6ABDE292B065AB3007ACD9A = {
						CreatedOnToolsVersion = 14.2;
					};
				};
			};
			buildConfigurationList = F65C68B626C95D1A00E4AA5F /* Build configuration list for PBXProject "jsonland" */;
			compatibilityVersion = "Xcode 9.3";
			developmentRegion = en;
			hasScannedForEncodings = 0;
			knownRegions = (
				en,
				Base,
			);
			mainGroup = F65C68B226C95D1A00E4AA5F;
			productRefGroup = F65C68BC26C95D1B00E4AA5F /* Products */;
			projectDirPath = "";
			projectRoot = "";
			targets = (
				F60CC62E26D3F8930035D17F /* benchmark */,
				F6963C6426D51C1700C71771 /* jsonland */,
				F64C7EE226D7921C006E4F12 /* test */,
				F6ABDE292B065AB3007ACD9A /* examples */,
				F648C9AF2B3AEE550061D302 /* behaviours */,
			);
		};
/* End PBXProject section */

/* Begin PBXSourcesBuildPhase section */
		F60CC62B26D3F8930035D17F /* Sources */ = {
			isa = PBXSourcesBuildPhase;
			buildActionMask = 2147483647;
			files = (
				F60CC63226D3F8930035D17F /* benchmark_main.cpp in Sources */,
			);
			runOnlyForDeploymentPostprocessing = 0;
		};
		F648C9B22B3AEE550061D302 /* Sources */ = {
			isa = PBXSourcesBuildPhase;
			buildActionMask = 2147483647;
			files = (
				F648C9BC2B3AEE8C0061D302 /* behaviours_main.cpp in Sources */,
			);
			runOnlyForDeploymentPostprocessing = 0;
		};
		F64C7EDF26D7921C006E4F12 /* Sources */ = {
			isa = PBXSourcesBuildPhase;
			buildActionMask = 2147483647;
			files = (
				F64C7EF926D79256006E4F12 /* test_compare.cpp in Sources */,
				F62C079726E8AAAB004DDA5D /* test_numbers.cpp in Sources */,
				F64C7EFB26D79256006E4F12 /* test_escapse.cpp in Sources */,
				F64C45FC2B0FB5D700ADDAC9 /* test_string_or_view.cpp in Sources */,
				F617B2BA2971B644007A0D81 /* gtest-all.cc in Sources */,
				F64C7EFC26D79256006E4F12 /* test_assign.cpp in Sources */,
				F6F5A08726EB975E007E11BE /* test_iter.cpp in Sources */,
				F64C7EF626D79256006E4F12 /* create_json_gtests.cpp in Sources */,
				F617B2BB2971B6A9007A0D81 /* gtest_main.cc in Sources */,
				F64C7EF826D79256006E4F12 /* parse_json_gtests.cpp in Sources */,
				F6FB299B2B28CC3D005D1D23 /* test_get_value.cpp in Sources */,
				F64C7EFA26D79256006E4F12 /* test_ctors.cpp in Sources */,
			);
			runOnlyForDeploymentPostprocessing = 0;
		};
		F6963C6226D51C1700C71771 /* Sources */ = {
			isa = PBXSourcesBuildPhase;
			buildActionMask = 2147483647;
			files = (
				F62C079026E77696004DDA5D /* json_node.cpp in Sources */,
			);
			runOnlyForDeploymentPostprocessing = 0;
		};
		F6ABDE262B065AB3007ACD9A /* Sources */ = {
			isa = PBXSourcesBuildPhase;
			buildActionMask = 2147483647;
			files = (
				F6C14DBC2B1A121900E0202D /* just_parse.cpp in Sources */,
			);
			runOnlyForDeploymentPostprocessing = 0;
		};
/* End PBXSourcesBuildPhase section */

/* Begin PBXTargetDependency section */
		F648C9B02B3AEE550061D302 /* PBXTargetDependency */ = {
			isa = PBXTargetDependency;
			target = F6963C6426D51C1700C71771 /* jsonland */;
			targetProxy = F648C9B12B3AEE550061D302 /* PBXContainerItemProxy */;
		};
		F64C7F0D26D79718006E4F12 /* PBXTargetDependency */ = {
			isa = PBXTargetDependency;
			target = F6963C6426D51C1700C71771 /* jsonland */;
			targetProxy = F64C7F0C26D79718006E4F12 /* PBXContainerItemProxy */;
		};
		F6963CA426D55F9500C71771 /* PBXTargetDependency */ = {
			isa = PBXTargetDependency;
			target = F6963C6426D51C1700C71771 /* jsonland */;
			targetProxy = F6963CA326D55F9500C71771 /* PBXContainerItemProxy */;
		};
		F6ABDE322B065AF4007ACD9A /* PBXTargetDependency */ = {
			isa = PBXTargetDependency;
			target = F6963C6426D51C1700C71771 /* jsonland */;
			targetProxy = F6ABDE312B065AF4007ACD9A /* PBXContainerItemProxy */;
		};
/* End PBXTargetDependency section */

/* Begin XCBuildConfiguration section */
		F60CC63326D3F8930035D17F /* Debug */ = {
			isa = XCBuildConfiguration;
			buildSettings = {
				CLANG_USE_OPTIMIZATION_PROFILE = NO;
				CODE_SIGN_STYLE = Automatic;
				PRODUCT_NAME = "$(TARGET_NAME)";
				RAPIDJSON_HAS_STDSTRING = "";
				SYSTEM_HEADER_SEARCH_PATHS = "$(PROJECT_DIR)/../ArduinoJson/src";
				USER_HEADER_SEARCH_PATHS = (
					googletest/googletest/include,
					googletest/googletest,
					"$(PROJECT_DIR)/../rapidjson/include",
					nlohmann/single_include,
					"$(PROJECT_DIR)",
					"$(PROJECT_DIR)/../ArduinoJson/src",
				);
			};
			name = Debug;
		};
		F60CC63426D3F8930035D17F /* Release */ = {
			isa = XCBuildConfiguration;
			buildSettings = {
				CLANG_USE_OPTIMIZATION_PROFILE = NO;
				CODE_SIGN_STYLE = Automatic;
				PRODUCT_NAME = "$(TARGET_NAME)";
				RAPIDJSON_HAS_STDSTRING = "";
				SYSTEM_HEADER_SEARCH_PATHS = "$(PROJECT_DIR)/../ArduinoJson/src";
				USER_HEADER_SEARCH_PATHS = (
					googletest/googletest/include,
					googletest/googletest,
					"$(PROJECT_DIR)/../rapidjson/include",
					nlohmann/single_include,
					"$(PROJECT_DIR)",
					"$(PROJECT_DIR)/../ArduinoJson/src",
				);
			};
			name = Release;
		};
		F648C9B82B3AEE550061D302 /* Debug */ = {
			isa = XCBuildConfiguration;
			buildSettings = {
				CLANG_USE_OPTIMIZATION_PROFILE = NO;
				CODE_SIGN_STYLE = Automatic;
				PRODUCT_NAME = "$(TARGET_NAME)";
				RAPIDJSON_HAS_STDSTRING = "";
				SYSTEM_HEADER_SEARCH_PATHS = (
					"$(PROJECT_DIR)/../ArduinoJson/src",
					"$(PROJECT_DIR)/../nlohmann/include",
				);
				USER_HEADER_SEARCH_PATHS = (
					googletest/googletest/include,
					googletest/googletest,
					"$(PROJECT_DIR)/../rapidjson/include",
					nlohmann/single_include,
					"$(PROJECT_DIR)",
					"$(PROJECT_DIR)/../ArduinoJson/src",
					"$(PROJECT_DIR)/../nlohmann/include",
				);
			};
			name = Debug;
		};
		F648C9B92B3AEE550061D302 /* Release */ = {
			isa = XCBuildConfiguration;
			buildSettings = {
				CLANG_USE_OPTIMIZATION_PROFILE = NO;
				CODE_SIGN_STYLE = Automatic;
				PRODUCT_NAME = "$(TARGET_NAME)";
				RAPIDJSON_HAS_STDSTRING = "";
				SYSTEM_HEADER_SEARCH_PATHS = (
					"$(PROJECT_DIR)/../ArduinoJson/src",
					"$(PROJECT_DIR)/../nlohmann/include",
				);
				USER_HEADER_SEARCH_PATHS = (
					googletest/googletest/include,
					googletest/googletest,
					"$(PROJECT_DIR)/../rapidjson/include",
					nlohmann/single_include,
					"$(PROJECT_DIR)",
					"$(PROJECT_DIR)/../ArduinoJson/src",
					"$(PROJECT_DIR)/../nlohmann/include",
				);
			};
			name = Release;
		};
		F64C7EE726D7921C006E4F12 /* Debug */ = {
			isa = XCBuildConfiguration;
			buildSettings = {
				CODE_SIGN_STYLE = Automatic;
				JSONLAND_DEBUG = 1;
				LIBRARY_SEARCH_PATHS = (
					"$(inherited)",
					"$(PROJECT_DIR)/googletest/build/lib",
				);
				PRODUCT_NAME = "$(TARGET_NAME)";
			};
			name = Debug;
		};
		F64C7EE826D7921C006E4F12 /* Release */ = {
			isa = XCBuildConfiguration;
			buildSettings = {
				CODE_SIGN_STYLE = Automatic;
				JSONLAND_DEBUG = 0;
				LIBRARY_SEARCH_PATHS = (
					"$(inherited)",
					"$(PROJECT_DIR)/googletest/build/lib",
				);
				PRODUCT_NAME = "$(TARGET_NAME)";
			};
			name = Release;
		};
		F65C68C026C95D1B00E4AA5F /* Debug */ = {
			isa = XCBuildConfiguration;
			buildSettings = {
				ALWAYS_SEARCH_USER_PATHS = NO;
				CLANG_ANALYZER_NONNULL = YES;
				CLANG_ANALYZER_NUMBER_OBJECT_CONVERSION = YES_AGGRESSIVE;
				CLANG_CXX_LANGUAGE_STANDARD = "c++17";
				CLANG_CXX_LIBRARY = "libc++";
				CLANG_ENABLE_MODULES = YES;
				CLANG_ENABLE_OBJC_ARC = YES;
				CLANG_ENABLE_OBJC_WEAK = YES;
				CLANG_WARN_BLOCK_CAPTURE_AUTORELEASING = YES;
				CLANG_WARN_BOOL_CONVERSION = YES;
				CLANG_WARN_COMMA = YES;
				CLANG_WARN_CONSTANT_CONVERSION = YES;
				CLANG_WARN_DEPRECATED_OBJC_IMPLEMENTATIONS = YES;
				CLANG_WARN_DIRECT_OBJC_ISA_USAGE = YES_ERROR;
				CLANG_WARN_DOCUMENTATION_COMMENTS = YES;
				CLANG_WARN_EMPTY_BODY = YES;
				CLANG_WARN_ENUM_CONVERSION = YES;
				CLANG_WARN_INFINITE_RECURSION = YES;
				CLANG_WARN_INT_CONVERSION = YES;
				CLANG_WARN_NON_LITERAL_NULL_CONVERSION = YES;
				CLANG_WARN_OBJC_IMPLICIT_RETAIN_SELF = YES;
				CLANG_WARN_OBJC_LITERAL_CONVERSION = YES;
				CLANG_WARN_OBJC_ROOT_CLASS = YES_ERROR;
				CLANG_WARN_QUOTED_INCLUDE_IN_FRAMEWORK_HEADER = YES;
				CLANG_WARN_RANGE_LOOP_ANALYSIS = YES;
				CLANG_WARN_STRICT_PROTOTYPES = YES;
				CLANG_WARN_SUSPICIOUS_MOVE = YES;
				CLANG_WARN_UNGUARDED_AVAILABILITY = YES_AGGRESSIVE;
				CLANG_WARN_UNREACHABLE_CODE = YES;
				CLANG_WARN__DUPLICATE_METHOD_MATCH = YES;
				COPY_PHASE_STRIP = NO;
				DEBUG_INFORMATION_FORMAT = dwarf;
				ENABLE_STRICT_OBJC_MSGSEND = YES;
				ENABLE_TESTABILITY = YES;
				GCC_C_LANGUAGE_STANDARD = gnu11;
				GCC_DYNAMIC_NO_PIC = NO;
				GCC_NO_COMMON_BLOCKS = YES;
				GCC_OPTIMIZATION_LEVEL = 0;
				GCC_PREPROCESSOR_DEFINITIONS = (
					"JSONLAND_DEBUG=1",
					"DEBUG=1",
					"$(inherited)",
				);
				GCC_WARN_64_TO_32_BIT_CONVERSION = YES;
				GCC_WARN_ABOUT_RETURN_TYPE = YES_ERROR;
				GCC_WARN_UNDECLARED_SELECTOR = YES;
				GCC_WARN_UNINITIALIZED_AUTOS = YES_AGGRESSIVE;
				GCC_WARN_UNUSED_FUNCTION = YES;
				GCC_WARN_UNUSED_VARIABLE = YES;
				MACOSX_DEPLOYMENT_TARGET = 10.15;
				MTL_ENABLE_DEBUG_INFO = INCLUDE_SOURCE;
				MTL_FAST_MATH = YES;
				ONLY_ACTIVE_ARCH = YES;
				RAPIDJSON_HAS_STDSTRING = 1;
				SDKROOT = macosx;
				USER_HEADER_SEARCH_PATHS = (
					googletest/googletest/include,
					googletest/googletest,
					rapidjson/include,
					nlohmann/single_include,
					"$(PROJECT_DIR)",
				);
			};
			name = Debug;
		};
		F65C68C126C95D1B00E4AA5F /* Release */ = {
			isa = XCBuildConfiguration;
			buildSettings = {
				ALWAYS_SEARCH_USER_PATHS = NO;
				CLANG_ANALYZER_NONNULL = YES;
				CLANG_ANALYZER_NUMBER_OBJECT_CONVERSION = YES_AGGRESSIVE;
				CLANG_CXX_LANGUAGE_STANDARD = "c++17";
				CLANG_CXX_LIBRARY = "libc++";
				CLANG_ENABLE_MODULES = YES;
				CLANG_ENABLE_OBJC_ARC = YES;
				CLANG_ENABLE_OBJC_WEAK = YES;
				CLANG_WARN_BLOCK_CAPTURE_AUTORELEASING = YES;
				CLANG_WARN_BOOL_CONVERSION = YES;
				CLANG_WARN_COMMA = YES;
				CLANG_WARN_CONSTANT_CONVERSION = YES;
				CLANG_WARN_DEPRECATED_OBJC_IMPLEMENTATIONS = YES;
				CLANG_WARN_DIRECT_OBJC_ISA_USAGE = YES_ERROR;
				CLANG_WARN_DOCUMENTATION_COMMENTS = YES;
				CLANG_WARN_EMPTY_BODY = YES;
				CLANG_WARN_ENUM_CONVERSION = YES;
				CLANG_WARN_INFINITE_RECURSION = YES;
				CLANG_WARN_INT_CONVERSION = YES;
				CLANG_WARN_NON_LITERAL_NULL_CONVERSION = YES;
				CLANG_WARN_OBJC_IMPLICIT_RETAIN_SELF = YES;
				CLANG_WARN_OBJC_LITERAL_CONVERSION = YES;
				CLANG_WARN_OBJC_ROOT_CLASS = YES_ERROR;
				CLANG_WARN_QUOTED_INCLUDE_IN_FRAMEWORK_HEADER = YES;
				CLANG_WARN_RANGE_LOOP_ANALYSIS = YES;
				CLANG_WARN_STRICT_PROTOTYPES = YES;
				CLANG_WARN_SUSPICIOUS_MOVE = YES;
				CLANG_WARN_UNGUARDED_AVAILABILITY = YES_AGGRESSIVE;
				CLANG_WARN_UNREACHABLE_CODE = YES;
				CLANG_WARN__DUPLICATE_METHOD_MATCH = YES;
				COPY_PHASE_STRIP = NO;
				DEBUG_INFORMATION_FORMAT = "dwarf-with-dsym";
				ENABLE_NS_ASSERTIONS = NO;
				ENABLE_STRICT_OBJC_MSGSEND = YES;
				GCC_C_LANGUAGE_STANDARD = gnu11;
				GCC_NO_COMMON_BLOCKS = YES;
				GCC_PREPROCESSOR_DEFINITIONS = "JSONLAND_DEBUG=0";
				GCC_WARN_64_TO_32_BIT_CONVERSION = YES;
				GCC_WARN_ABOUT_RETURN_TYPE = YES_ERROR;
				GCC_WARN_UNDECLARED_SELECTOR = YES;
				GCC_WARN_UNINITIALIZED_AUTOS = YES_AGGRESSIVE;
				GCC_WARN_UNUSED_FUNCTION = YES;
				GCC_WARN_UNUSED_VARIABLE = YES;
				MACOSX_DEPLOYMENT_TARGET = 10.15;
				MTL_ENABLE_DEBUG_INFO = NO;
				MTL_FAST_MATH = YES;
				ONLY_ACTIVE_ARCH = YES;
				RAPIDJSON_HAS_STDSTRING = 1;
				SDKROOT = macosx;
				USER_HEADER_SEARCH_PATHS = (
					googletest/googletest/include,
					googletest/googletest,
					rapidjson/include,
					nlohmann/single_include,
					"$(PROJECT_DIR)",
				);
			};
			name = Release;
		};
		F6963C6726D51C1700C71771 /* Debug */ = {
			isa = XCBuildConfiguration;
			buildSettings = {
				CLANG_USE_OPTIMIZATION_PROFILE = YES;
				CODE_SIGN_STYLE = Automatic;
				EXECUTABLE_PREFIX = lib;
				PRODUCT_NAME = "$(TARGET_NAME)";
				SKIP_INSTALL = YES;
			};
			name = Debug;
		};
		F6963C6826D51C1700C71771 /* Release */ = {
			isa = XCBuildConfiguration;
			buildSettings = {
				CLANG_USE_OPTIMIZATION_PROFILE = YES;
				CODE_SIGN_STYLE = Automatic;
				EXECUTABLE_PREFIX = lib;
				PRODUCT_NAME = "$(TARGET_NAME)";
				SKIP_INSTALL = YES;
			};
			name = Release;
		};
		F6ABDE2F2B065AB3007ACD9A /* Debug */ = {
			isa = XCBuildConfiguration;
			buildSettings = {
				CLANG_CXX_LANGUAGE_STANDARD = "gnu++20";
				CODE_SIGN_STYLE = Automatic;
				GCC_PREPROCESSOR_DEFINITIONS = (
					"DEBUG=1",
					"$(inherited)",
				);
				MACOSX_DEPLOYMENT_TARGET = 12.7;
				PRODUCT_NAME = "$(TARGET_NAME)";
			};
			name = Debug;
		};
		F6ABDE302B065AB3007ACD9A /* Release */ = {
			isa = XCBuildConfiguration;
			buildSettings = {
				CLANG_CXX_LANGUAGE_STANDARD = "gnu++20";
				CODE_SIGN_STYLE = Automatic;
				MACOSX_DEPLOYMENT_TARGET = 12.7;
				PRODUCT_NAME = "$(TARGET_NAME)";
			};
			name = Release;
		};
/* End XCBuildConfiguration section */

/* Begin XCConfigurationList section */
		F60CC63526D3F8930035D17F /* Build configuration list for PBXNativeTarget "benchmark" */ = {
			isa = XCConfigurationList;
			buildConfigurations = (
				F60CC63326D3F8930035D17F /* Debug */,
				F60CC63426D3F8930035D17F /* Release */,
			);
			defaultConfigurationIsVisible = 0;
			defaultConfigurationName = Release;
		};
		F648C9B72B3AEE550061D302 /* Build configuration list for PBXNativeTarget "behaviours" */ = {
			isa = XCConfigurationList;
			buildConfigurations = (
				F648C9B82B3AEE550061D302 /* Debug */,
				F648C9B92B3AEE550061D302 /* Release */,
			);
			defaultConfigurationIsVisible = 0;
			defaultConfigurationName = Release;
		};
		F64C7EE926D7921C006E4F12 /* Build configuration list for PBXNativeTarget "test" */ = {
			isa = XCConfigurationList;
			buildConfigurations = (
				F64C7EE726D7921C006E4F12 /* Debug */,
				F64C7EE826D7921C006E4F12 /* Release */,
			);
			defaultConfigurationIsVisible = 0;
			defaultConfigurationName = Release;
		};
		F65C68B626C95D1A00E4AA5F /* Build configuration list for PBXProject "jsonland" */ = {
			isa = XCConfigurationList;
			buildConfigurations = (
				F65C68C026C95D1B00E4AA5F /* Debug */,
				F65C68C126C95D1B00E4AA5F /* Release */,
			);
			defaultConfigurationIsVisible = 0;
			defaultConfigurationName = Release;
		};
		F6963C6626D51C1700C71771 /* Build configuration list for PBXNativeTarget "jsonland" */ = {
			isa = XCConfigurationList;
			buildConfigurations = (
				F6963C6726D51C1700C71771 /* Debug */,
				F6963C6826D51C1700C71771 /* Release */,
			);
			defaultConfigurationIsVisible = 0;
			defaultConfigurationName = Release;
		};
		F6ABDE2E2B065AB3007ACD9A /* Build configuration list for PBXNativeTarget "examples" */ = {
			isa = XCConfigurationList;
			buildConfigurations = (
				F6ABDE2F2B065AB3007ACD9A /* Debug */,
				F6ABDE302B065AB3007ACD9A /* Release */,
			);
			defaultConfigurationIsVisible = 0;
			defaultConfigurationName = Release;
		};
/* End XCConfigurationList section */
	};
	rootObject = F65C68B326C95D1A00E4AA5F /* Project object */;
}
